// !$*UTF8*$!
{
	archiveVersion = 1;
	classes = {
	};
	objectVersion = 46;
	objects = {

/* Begin PBXBuildFile section */
		3804A81B1478DA3E005C587A /* DuxPlainTextLanguage.m in Sources */ = {isa = PBXBuildFile; fileRef = 3804A81A1478DA3E005C587A /* DuxPlainTextLanguage.m */; };
		3804A81E1478DA7F005C587A /* DuxPlainTextBaseElement.m in Sources */ = {isa = PBXBuildFile; fileRef = 3804A81D1478DA7F005C587A /* DuxPlainTextBaseElement.m */; };
		380AED3D14500377005770D7 /* DuxTextView.m in Sources */ = {isa = PBXBuildFile; fileRef = 380AED3C14500377005770D7 /* DuxTextView.m */; };
		38110AE814791AF50028B786 /* DuxCSSPropertyValueElement.m in Sources */ = {isa = PBXBuildFile; fileRef = 38110AE714791AF50028B786 /* DuxCSSPropertyValueElement.m */; };
		38110AEC14791C3D0028B786 /* DuxCSSNumberValueElement.m in Sources */ = {isa = PBXBuildFile; fileRef = 38110AEB14791C3C0028B786 /* DuxCSSNumberValueElement.m */; };
		38110AEF14791E860028B786 /* DuxCSSColorValueElement.m in Sources */ = {isa = PBXBuildFile; fileRef = 38110AEE14791E850028B786 /* DuxCSSColorValueElement.m */; };
		3822EAAB148623970068330B /* DuxScrollViewAnimation.m in Sources */ = {isa = PBXBuildFile; fileRef = 3822EAAA148623970068330B /* DuxScrollViewAnimation.m */; };
		3824F07514522FAB00F00B96 /* DuxSyntaxHighlighter.m in Sources */ = {isa = PBXBuildFile; fileRef = 3824F07414522FAB00F00B96 /* DuxSyntaxHighlighter.m */; };
		3824F07B1452304D00F00B96 /* DuxLanguage.m in Sources */ = {isa = PBXBuildFile; fileRef = 3824F07A1452304D00F00B96 /* DuxLanguage.m */; };
		3824F07E1452305700F00B96 /* DuxLanguageElement.m in Sources */ = {isa = PBXBuildFile; fileRef = 3824F07D1452305700F00B96 /* DuxLanguageElement.m */; };
		3824F0811452306F00F00B96 /* DuxHTMLLanguage.m in Sources */ = {isa = PBXBuildFile; fileRef = 3824F0801452306F00F00B96 /* DuxHTMLLanguage.m */; };
		3824F0851452E75700F00B96 /* DuxHTMLBaseElement.m in Sources */ = {isa = PBXBuildFile; fileRef = 3824F0841452E75700F00B96 /* DuxHTMLBaseElement.m */; };
		3829D938145A9F7D00188ECF /* DuxHTMLTagElement.m in Sources */ = {isa = PBXBuildFile; fileRef = 3829D937145A9F7D00188ECF /* DuxHTMLTagElement.m */; };
		3837FAB21475E058002CC459 /* NSStringDuxAdditions.m in Sources */ = {isa = PBXBuildFile; fileRef = 3837FAB11475E058002CC459 /* NSStringDuxAdditions.m */; };
		38383A06146FB25C008CD049 /* DuxHTMLTagAttributeElement.m in Sources */ = {isa = PBXBuildFile; fileRef = 38383A05146FB25C008CD049 /* DuxHTMLTagAttributeElement.m */; };
		384FDFE014710EFC00BD0D8D /* DuxHTMLEntityElement.m in Sources */ = {isa = PBXBuildFile; fileRef = 384FDFDF14710EFC00BD0D8D /* DuxHTMLEntityElement.m */; };
		385A1E9C147916760084F48E /* DuxCSSIDSelectorElement.m in Sources */ = {isa = PBXBuildFile; fileRef = 385A1E9B147916760084F48E /* DuxCSSIDSelectorElement.m */; };
		385A1EA0147917590084F48E /* DuxCSSPseudoSelectorElement.m in Sources */ = {isa = PBXBuildFile; fileRef = 385A1E9F147917590084F48E /* DuxCSSPseudoSelectorElement.m */; };
		385A1EA3147918770084F48E /* DuxCSSDefinitionBlockElement.m in Sources */ = {isa = PBXBuildFile; fileRef = 385A1EA2147918770084F48E /* DuxCSSDefinitionBlockElement.m */; };
		385A1EA6147919A80084F48E /* DuxCSSPropertyNameElement.m in Sources */ = {isa = PBXBuildFile; fileRef = 385A1EA5147919A80084F48E /* DuxCSSPropertyNameElement.m */; };
		38734F521406133200992D33 /* OpenQuickly.xib in Resources */ = {isa = PBXBuildFile; fileRef = 38734F511406133200992D33 /* OpenQuickly.xib */; };
		38734F561406135A00992D33 /* MyOpenQuicklyController.m in Sources */ = {isa = PBXBuildFile; fileRef = 38734F551406135A00992D33 /* MyOpenQuicklyController.m */; };
		38734F591406163A00992D33 /* MyAppDelegate.m in Sources */ = {isa = PBXBuildFile; fileRef = 38734F581406163A00992D33 /* MyAppDelegate.m */; };
		387B21491473D94E00F191F1 /* DuxPHPSingleLineCommentElement.m in Sources */ = {isa = PBXBuildFile; fileRef = 387B21481473D94E00F191F1 /* DuxPHPSingleLineCommentElement.m */; };
		387B214D1473D95B00F191F1 /* DuxPHPBlockCommentElement.m in Sources */ = {isa = PBXBuildFile; fileRef = 387B214C1473D95B00F191F1 /* DuxPHPBlockCommentElement.m */; };
		3883058C14DE845B00409F43 /* DuxFontSelectorTextField.m in Sources */ = {isa = PBXBuildFile; fileRef = 3883058B14DE845B00409F43 /* DuxFontSelectorTextField.m */; };
		388682AD1480409F00C362EE /* DuxLineNumberString.m in Sources */ = {isa = PBXBuildFile; fileRef = 388682AC1480409F00C362EE /* DuxLineNumberString.m */; };
		3886D4B214790FD700970CAE /* DuxCSSLanguage.m in Sources */ = {isa = PBXBuildFile; fileRef = 3886D4B114790FD700970CAE /* DuxCSSLanguage.m */; };
		3886D4B514790FE700970CAE /* DuxCSSBaseElement.m in Sources */ = {isa = PBXBuildFile; fileRef = 3886D4B414790FE700970CAE /* DuxCSSBaseElement.m */; };
		3886D4B81479100000970CAE /* DuxCSSCommentElement.m in Sources */ = {isa = PBXBuildFile; fileRef = 3886D4B71479100000970CAE /* DuxCSSCommentElement.m */; };
		3886D4C3147912BC00970CAE /* DuxCSSClassSelectorElement.m in Sources */ = {isa = PBXBuildFile; fileRef = 3886D4C2147912BC00970CAE /* DuxCSSClassSelectorElement.m */; };
		38983C731474FEC8004DD914 /* JumpToLinePanel.xib in Resources */ = {isa = PBXBuildFile; fileRef = 38983C721474FEC8004DD914 /* JumpToLinePanel.xib */; };
		38983C7614751B66004DD914 /* DuxLanguageMenuItem.m in Sources */ = {isa = PBXBuildFile; fileRef = 38983C7514751B65004DD914 /* DuxLanguageMenuItem.m */; };
		389C8EC4148B0E530029B942 /* DuxStringLineEnumerator.m in Sources */ = {isa = PBXBuildFile; fileRef = 389C8EC3148B0E530029B942 /* DuxStringLineEnumerator.m */; };
		38BB441D147F5F54007CAB5B /* DuxOpenQuicklyTableViewCell.m in Sources */ = {isa = PBXBuildFile; fileRef = 38BB441C147F5F54007CAB5B /* DuxOpenQuicklyTableViewCell.m */; };
		38BC9216148764B700CE73EB /* DuxHTMLCommentElement.m in Sources */ = {isa = PBXBuildFile; fileRef = 38BC9215148764B700CE73EB /* DuxHTMLCommentElement.m */; };
		38BC921A148766DD00CE73EB /* DuxXMLCommentElement.m in Sources */ = {isa = PBXBuildFile; fileRef = 38BC9219148766DD00CE73EB /* DuxXMLCommentElement.m */; };
		38BC921D1487733B00CE73EB /* PreferencesWindow.xib in Resources */ = {isa = PBXBuildFile; fileRef = 38BC921C1487733B00CE73EB /* PreferencesWindow.xib */; };
		38BC92201487735500CE73EB /* DuxPreferencesWindowController.m in Sources */ = {isa = PBXBuildFile; fileRef = 38BC921F1487735500CE73EB /* DuxPreferencesWindowController.m */; };
		38BC92231488151700CE73EB /* DuxPreferences.m in Sources */ = {isa = PBXBuildFile; fileRef = 38BC92221488151700CE73EB /* DuxPreferences.m */; };
		38CC7D8B14E24DC600FE1594 /* DuxRubyLanguage.m in Sources */ = {isa = PBXBuildFile; fileRef = 38CC7D8A14E24DC600FE1594 /* DuxRubyLanguage.m */; };
		38CC7D8E14E24F0500FE1594 /* DuxRubyBaseElement.m in Sources */ = {isa = PBXBuildFile; fileRef = 38CC7D8D14E24F0500FE1594 /* DuxRubyBaseElement.m */; };
		38CC7D9114E2500D00FE1594 /* DuxRubySingleQuotedStringElement.m in Sources */ = {isa = PBXBuildFile; fileRef = 38CC7D9014E2500D00FE1594 /* DuxRubySingleQuotedStringElement.m */; };
		38CC7D9414E2655600FE1594 /* DuxRubyDoubleQuotedStringElement.m in Sources */ = {isa = PBXBuildFile; fileRef = 38CC7D9314E2655600FE1594 /* DuxRubyDoubleQuotedStringElement.m */; };
		38CC7D9714E2658700FE1594 /* DuxRubyNumberElement.m in Sources */ = {isa = PBXBuildFile; fileRef = 38CC7D9614E2658700FE1594 /* DuxRubyNumberElement.m */; };
		38CC7D9A14E265AB00FE1594 /* DuxRubyKeywordElement.m in Sources */ = {isa = PBXBuildFile; fileRef = 38CC7D9914E265AB00FE1594 /* DuxRubyKeywordElement.m */; };
		38CC7D9D14E265DD00FE1594 /* DuxRubySingleLineCommentElement.m in Sources */ = {isa = PBXBuildFile; fileRef = 38CC7D9C14E265DC00FE1594 /* DuxRubySingleLineCommentElement.m */; };
		38CC7DA014E267AC00FE1594 /* DuxRubyRegularExpressionElement.m in Sources */ = {isa = PBXBuildFile; fileRef = 38CC7D9F14E267AB00FE1594 /* DuxRubyRegularExpressionElement.m */; };
		38CD8FA7147F8F0500062D34 /* DuxTextContainer.m in Sources */ = {isa = PBXBuildFile; fileRef = 38CD8FA6147F8F0500062D34 /* DuxTextContainer.m */; };
		38CD8FAC147F9CF000062D34 /* DuxCLanguage.m in Sources */ = {isa = PBXBuildFile; fileRef = 38CD8FAB147F9CF000062D34 /* DuxCLanguage.m */; };
		38CD8FAF147F9CFB00062D34 /* DuxCBaseElement.m in Sources */ = {isa = PBXBuildFile; fileRef = 38CD8FAE147F9CFB00062D34 /* DuxCBaseElement.m */; };
		38CD8FB2147F9D0800062D34 /* DuxCSingleQuotedStringElement.m in Sources */ = {isa = PBXBuildFile; fileRef = 38CD8FB1147F9D0800062D34 /* DuxCSingleQuotedStringElement.m */; };
		38CD8FB5147F9D1400062D34 /* DuxCDoubleQuotedStringElement.m in Sources */ = {isa = PBXBuildFile; fileRef = 38CD8FB4147F9D1400062D34 /* DuxCDoubleQuotedStringElement.m */; };
		38CD8FB8147F9D2000062D34 /* DuxCNumberElement.m in Sources */ = {isa = PBXBuildFile; fileRef = 38CD8FB7147F9D2000062D34 /* DuxCNumberElement.m */; };
		38CD8FBB147F9D2D00062D34 /* DuxCKeywordElement.m in Sources */ = {isa = PBXBuildFile; fileRef = 38CD8FBA147F9D2D00062D34 /* DuxCKeywordElement.m */; };
		38CD8FBE147F9D3800062D34 /* DuxCSingleLineCommentElement.m in Sources */ = {isa = PBXBuildFile; fileRef = 38CD8FBD147F9D3800062D34 /* DuxCSingleLineCommentElement.m */; };
		38CD8FC1147F9D4400062D34 /* DuxCBlockCommentElement.m in Sources */ = {isa = PBXBuildFile; fileRef = 38CD8FC0147F9D4400062D34 /* DuxCBlockCommentElement.m */; };
		38CD8FC5147FA23000062D34 /* DuxJavaScriptLanguage.m in Sources */ = {isa = PBXBuildFile; fileRef = 38CD8FC4147FA23000062D34 /* DuxJavaScriptLanguage.m */; };
		38CD8FC8147FA24200062D34 /* DuxJavaScriptBaseElement.m in Sources */ = {isa = PBXBuildFile; fileRef = 38CD8FC7147FA24200062D34 /* DuxJavaScriptBaseElement.m */; };
		38CD8FCB147FA24E00062D34 /* DuxJavaScriptSingleQuotedStringElement.m in Sources */ = {isa = PBXBuildFile; fileRef = 38CD8FCA147FA24E00062D34 /* DuxJavaScriptSingleQuotedStringElement.m */; };
		38CD8FCE147FA25900062D34 /* DuxJavaScriptDoubleQuotedStringElement.m in Sources */ = {isa = PBXBuildFile; fileRef = 38CD8FCD147FA25900062D34 /* DuxJavaScriptDoubleQuotedStringElement.m */; };
		38CD8FD1147FA26100062D34 /* DuxJavaScriptNumberElement.m in Sources */ = {isa = PBXBuildFile; fileRef = 38CD8FD0147FA26100062D34 /* DuxJavaScriptNumberElement.m */; };
		38CD8FD4147FA26D00062D34 /* DuxJavaScriptKeywordElement.m in Sources */ = {isa = PBXBuildFile; fileRef = 38CD8FD3147FA26D00062D34 /* DuxJavaScriptKeywordElement.m */; };
		38CD8FD7147FA27A00062D34 /* DuxJavaScriptSingleLineCommentElement.m in Sources */ = {isa = PBXBuildFile; fileRef = 38CD8FD6147FA27A00062D34 /* DuxJavaScriptSingleLineCommentElement.m */; };
		38CD8FDA147FA28700062D34 /* DuxJavaScriptBlockCommentElement.m in Sources */ = {isa = PBXBuildFile; fileRef = 38CD8FD9147FA28700062D34 /* DuxJavaScriptBlockCommentElement.m */; };
		38CFE15C1403C96900CA7044 /* appicon.icns in Resources */ = {isa = PBXBuildFile; fileRef = 38CFE15B1403C96900CA7044 /* appicon.icns */; };
		38CFE15E1403CBCD00CA7044 /* docicon.icns in Resources */ = {isa = PBXBuildFile; fileRef = 38CFE15D1403CBCD00CA7044 /* docicon.icns */; };
		38CFEEC31473AEE700F81E6F /* DuxPHPLanguage.m in Sources */ = {isa = PBXBuildFile; fileRef = 38CFEEC21473AEE700F81E6F /* DuxPHPLanguage.m */; };
		38CFEEC61473AEF500F81E6F /* DuxPHPBaseElement.m in Sources */ = {isa = PBXBuildFile; fileRef = 38CFEEC51473AEF500F81E6F /* DuxPHPBaseElement.m */; };
		38CFEECC1473AF2500F81E6F /* DuxPHPSingleQuoteStringElement.m in Sources */ = {isa = PBXBuildFile; fileRef = 38CFEECB1473AF2500F81E6F /* DuxPHPSingleQuoteStringElement.m */; };
		38CFEECF1473AF3400F81E6F /* DuxPHPDoubleQuoteStringElement.m in Sources */ = {isa = PBXBuildFile; fileRef = 38CFEECE1473AF3400F81E6F /* DuxPHPDoubleQuoteStringElement.m */; };
		38CFEED21473AF4200F81E6F /* DuxPHPNumberElement.m in Sources */ = {isa = PBXBuildFile; fileRef = 38CFEED11473AF4200F81E6F /* DuxPHPNumberElement.m */; };
		38CFEED51473AF5400F81E6F /* DuxPHPVariableElement.m in Sources */ = {isa = PBXBuildFile; fileRef = 38CFEED41473AF5400F81E6F /* DuxPHPVariableElement.m */; };
		38CFEED81473B1E000F81E6F /* DuxPHPKeywordElement.m in Sources */ = {isa = PBXBuildFile; fileRef = 38CFEED71473B1E000F81E6F /* DuxPHPKeywordElement.m */; };
		38D605881403859600D70F81 /* Cocoa.framework in Frameworks */ = {isa = PBXBuildFile; fileRef = 38D605871403859600D70F81 /* Cocoa.framework */; };
		38D605921403859600D70F81 /* InfoPlist.strings in Resources */ = {isa = PBXBuildFile; fileRef = 38D605901403859600D70F81 /* InfoPlist.strings */; };
		38D605941403859600D70F81 /* main.m in Sources */ = {isa = PBXBuildFile; fileRef = 38D605931403859600D70F81 /* main.m */; };
		38D605981403859600D70F81 /* Credits.rtf in Resources */ = {isa = PBXBuildFile; fileRef = 38D605961403859600D70F81 /* Credits.rtf */; };
		38D6059B1403859600D70F81 /* MyTextDocument.m in Sources */ = {isa = PBXBuildFile; fileRef = 38D6059A1403859600D70F81 /* MyTextDocument.m */; };
		38D6059E1403859700D70F81 /* MyTextDocument.xib in Resources */ = {isa = PBXBuildFile; fileRef = 38D6059C1403859700D70F81 /* MyTextDocument.xib */; };
		38D605A11403859700D70F81 /* MainMenu.xib in Resources */ = {isa = PBXBuildFile; fileRef = 38D6059F1403859700D70F81 /* MainMenu.xib */; };
		38D605D51403996C00D70F81 /* WebKit.framework in Frameworks */ = {isa = PBXBuildFile; fileRef = 38D605D41403996C00D70F81 /* WebKit.framework */; };
		38D605D714039A0600D70F81 /* CoreFoundation.framework in Frameworks */ = {isa = PBXBuildFile; fileRef = 38D605D614039A0600D70F81 /* CoreFoundation.framework */; };
		38EDD5211478E5AA0077BAB0 /* DuxXMLLanguage.m in Sources */ = {isa = PBXBuildFile; fileRef = 38EDD5201478E5AA0077BAB0 /* DuxXMLLanguage.m */; };
		38EDD5241478E5B70077BAB0 /* DuxXMLBaseElement.m in Sources */ = {isa = PBXBuildFile; fileRef = 38EDD5231478E5B70077BAB0 /* DuxXMLBaseElement.m */; };
		38EDD5271478E5C30077BAB0 /* DuxXMLTagElement.m in Sources */ = {isa = PBXBuildFile; fileRef = 38EDD5261478E5C30077BAB0 /* DuxXMLTagElement.m */; };
		38EDD52A1478E5DD0077BAB0 /* DuxXMLTagAttributeElement.m in Sources */ = {isa = PBXBuildFile; fileRef = 38EDD5291478E5DD0077BAB0 /* DuxXMLTagAttributeElement.m */; };
		38EDD52D1478E5E90077BAB0 /* DuxXMLEntityElement.m in Sources */ = {isa = PBXBuildFile; fileRef = 38EDD52C1478E5E90077BAB0 /* DuxXMLEntityElement.m */; };
/* End PBXBuildFile section */

/* Begin PBXFileReference section */
		3804A8191478DA3E005C587A /* DuxPlainTextLanguage.h */ = {isa = PBXFileReference; fileEncoding = 4; lastKnownFileType = sourcecode.c.h; path = DuxPlainTextLanguage.h; sourceTree = "<group>"; };
		3804A81A1478DA3E005C587A /* DuxPlainTextLanguage.m */ = {isa = PBXFileReference; fileEncoding = 4; lastKnownFileType = sourcecode.c.objc; path = DuxPlainTextLanguage.m; sourceTree = "<group>"; };
		3804A81C1478DA7F005C587A /* DuxPlainTextBaseElement.h */ = {isa = PBXFileReference; fileEncoding = 4; lastKnownFileType = sourcecode.c.h; path = DuxPlainTextBaseElement.h; sourceTree = "<group>"; };
		3804A81D1478DA7F005C587A /* DuxPlainTextBaseElement.m */ = {isa = PBXFileReference; fileEncoding = 4; lastKnownFileType = sourcecode.c.objc; path = DuxPlainTextBaseElement.m; sourceTree = "<group>"; };
		380AED3B14500377005770D7 /* DuxTextView.h */ = {isa = PBXFileReference; fileEncoding = 4; lastKnownFileType = sourcecode.c.h; path = DuxTextView.h; sourceTree = "<group>"; };
		380AED3C14500377005770D7 /* DuxTextView.m */ = {isa = PBXFileReference; fileEncoding = 4; lastKnownFileType = sourcecode.c.objc; path = DuxTextView.m; sourceTree = "<group>"; };
		38110AE614791AF50028B786 /* DuxCSSPropertyValueElement.h */ = {isa = PBXFileReference; fileEncoding = 4; lastKnownFileType = sourcecode.c.h; path = DuxCSSPropertyValueElement.h; sourceTree = "<group>"; };
		38110AE714791AF50028B786 /* DuxCSSPropertyValueElement.m */ = {isa = PBXFileReference; fileEncoding = 4; lastKnownFileType = sourcecode.c.objc; path = DuxCSSPropertyValueElement.m; sourceTree = "<group>"; };
		38110AEA14791C3C0028B786 /* DuxCSSNumberValueElement.h */ = {isa = PBXFileReference; fileEncoding = 4; lastKnownFileType = sourcecode.c.h; path = DuxCSSNumberValueElement.h; sourceTree = "<group>"; };
		38110AEB14791C3C0028B786 /* DuxCSSNumberValueElement.m */ = {isa = PBXFileReference; fileEncoding = 4; lastKnownFileType = sourcecode.c.objc; path = DuxCSSNumberValueElement.m; sourceTree = "<group>"; };
		38110AED14791E850028B786 /* DuxCSSColorValueElement.h */ = {isa = PBXFileReference; fileEncoding = 4; lastKnownFileType = sourcecode.c.h; path = DuxCSSColorValueElement.h; sourceTree = "<group>"; };
		38110AEE14791E850028B786 /* DuxCSSColorValueElement.m */ = {isa = PBXFileReference; fileEncoding = 4; lastKnownFileType = sourcecode.c.objc; path = DuxCSSColorValueElement.m; sourceTree = "<group>"; };
		3822EAA9148623970068330B /* DuxScrollViewAnimation.h */ = {isa = PBXFileReference; fileEncoding = 4; lastKnownFileType = sourcecode.c.h; path = DuxScrollViewAnimation.h; sourceTree = "<group>"; };
		3822EAAA148623970068330B /* DuxScrollViewAnimation.m */ = {isa = PBXFileReference; fileEncoding = 4; lastKnownFileType = sourcecode.c.objc; path = DuxScrollViewAnimation.m; sourceTree = "<group>"; };
		3824F07314522FAB00F00B96 /* DuxSyntaxHighlighter.h */ = {isa = PBXFileReference; fileEncoding = 4; lastKnownFileType = sourcecode.c.h; path = DuxSyntaxHighlighter.h; sourceTree = "<group>"; };
		3824F07414522FAB00F00B96 /* DuxSyntaxHighlighter.m */ = {isa = PBXFileReference; fileEncoding = 4; lastKnownFileType = sourcecode.c.objc; path = DuxSyntaxHighlighter.m; sourceTree = "<group>"; };
		3824F0791452304D00F00B96 /* DuxLanguage.h */ = {isa = PBXFileReference; fileEncoding = 4; lastKnownFileType = sourcecode.c.h; path = DuxLanguage.h; sourceTree = "<group>"; };
		3824F07A1452304D00F00B96 /* DuxLanguage.m */ = {isa = PBXFileReference; fileEncoding = 4; lastKnownFileType = sourcecode.c.objc; path = DuxLanguage.m; sourceTree = "<group>"; };
		3824F07C1452305700F00B96 /* DuxLanguageElement.h */ = {isa = PBXFileReference; fileEncoding = 4; lastKnownFileType = sourcecode.c.h; path = DuxLanguageElement.h; sourceTree = "<group>"; };
		3824F07D1452305700F00B96 /* DuxLanguageElement.m */ = {isa = PBXFileReference; fileEncoding = 4; lastKnownFileType = sourcecode.c.objc; path = DuxLanguageElement.m; sourceTree = "<group>"; };
		3824F07F1452306F00F00B96 /* DuxHTMLLanguage.h */ = {isa = PBXFileReference; fileEncoding = 4; lastKnownFileType = sourcecode.c.h; path = DuxHTMLLanguage.h; sourceTree = "<group>"; };
		3824F0801452306F00F00B96 /* DuxHTMLLanguage.m */ = {isa = PBXFileReference; fileEncoding = 4; lastKnownFileType = sourcecode.c.objc; path = DuxHTMLLanguage.m; sourceTree = "<group>"; };
		3824F0831452E75700F00B96 /* DuxHTMLBaseElement.h */ = {isa = PBXFileReference; fileEncoding = 4; lastKnownFileType = sourcecode.c.h; path = DuxHTMLBaseElement.h; sourceTree = "<group>"; };
		3824F0841452E75700F00B96 /* DuxHTMLBaseElement.m */ = {isa = PBXFileReference; fileEncoding = 4; lastKnownFileType = sourcecode.c.objc; path = DuxHTMLBaseElement.m; sourceTree = "<group>"; };
		3829D936145A9F7D00188ECF /* DuxHTMLTagElement.h */ = {isa = PBXFileReference; fileEncoding = 4; lastKnownFileType = sourcecode.c.h; path = DuxHTMLTagElement.h; sourceTree = "<group>"; };
		3829D937145A9F7D00188ECF /* DuxHTMLTagElement.m */ = {isa = PBXFileReference; fileEncoding = 4; lastKnownFileType = sourcecode.c.objc; path = DuxHTMLTagElement.m; sourceTree = "<group>"; };
		3837FAB01475E058002CC459 /* NSStringDuxAdditions.h */ = {isa = PBXFileReference; fileEncoding = 4; lastKnownFileType = sourcecode.c.h; path = NSStringDuxAdditions.h; sourceTree = "<group>"; };
		3837FAB11475E058002CC459 /* NSStringDuxAdditions.m */ = {isa = PBXFileReference; fileEncoding = 4; lastKnownFileType = sourcecode.c.objc; path = NSStringDuxAdditions.m; sourceTree = "<group>"; };
		38383A04146FB25C008CD049 /* DuxHTMLTagAttributeElement.h */ = {isa = PBXFileReference; fileEncoding = 4; lastKnownFileType = sourcecode.c.h; path = DuxHTMLTagAttributeElement.h; sourceTree = "<group>"; };
		38383A05146FB25C008CD049 /* DuxHTMLTagAttributeElement.m */ = {isa = PBXFileReference; fileEncoding = 4; lastKnownFileType = sourcecode.c.objc; path = DuxHTMLTagAttributeElement.m; sourceTree = "<group>"; };
		384FDFDE14710EFC00BD0D8D /* DuxHTMLEntityElement.h */ = {isa = PBXFileReference; fileEncoding = 4; lastKnownFileType = sourcecode.c.h; path = DuxHTMLEntityElement.h; sourceTree = "<group>"; };
		384FDFDF14710EFC00BD0D8D /* DuxHTMLEntityElement.m */ = {isa = PBXFileReference; fileEncoding = 4; lastKnownFileType = sourcecode.c.objc; path = DuxHTMLEntityElement.m; sourceTree = "<group>"; };
		385A1E9A147916760084F48E /* DuxCSSIDSelectorElement.h */ = {isa = PBXFileReference; fileEncoding = 4; lastKnownFileType = sourcecode.c.h; path = DuxCSSIDSelectorElement.h; sourceTree = "<group>"; };
		385A1E9B147916760084F48E /* DuxCSSIDSelectorElement.m */ = {isa = PBXFileReference; fileEncoding = 4; lastKnownFileType = sourcecode.c.objc; path = DuxCSSIDSelectorElement.m; sourceTree = "<group>"; };
		385A1E9E147917590084F48E /* DuxCSSPseudoSelectorElement.h */ = {isa = PBXFileReference; fileEncoding = 4; lastKnownFileType = sourcecode.c.h; path = DuxCSSPseudoSelectorElement.h; sourceTree = "<group>"; };
		385A1E9F147917590084F48E /* DuxCSSPseudoSelectorElement.m */ = {isa = PBXFileReference; fileEncoding = 4; lastKnownFileType = sourcecode.c.objc; path = DuxCSSPseudoSelectorElement.m; sourceTree = "<group>"; };
		385A1EA1147918770084F48E /* DuxCSSDefinitionBlockElement.h */ = {isa = PBXFileReference; fileEncoding = 4; lastKnownFileType = sourcecode.c.h; path = DuxCSSDefinitionBlockElement.h; sourceTree = "<group>"; };
		385A1EA2147918770084F48E /* DuxCSSDefinitionBlockElement.m */ = {isa = PBXFileReference; fileEncoding = 4; lastKnownFileType = sourcecode.c.objc; path = DuxCSSDefinitionBlockElement.m; sourceTree = "<group>"; };
		385A1EA4147919A70084F48E /* DuxCSSPropertyNameElement.h */ = {isa = PBXFileReference; fileEncoding = 4; lastKnownFileType = sourcecode.c.h; path = DuxCSSPropertyNameElement.h; sourceTree = "<group>"; };
		385A1EA5147919A80084F48E /* DuxCSSPropertyNameElement.m */ = {isa = PBXFileReference; fileEncoding = 4; lastKnownFileType = sourcecode.c.objc; path = DuxCSSPropertyNameElement.m; sourceTree = "<group>"; };
		38734F511406133200992D33 /* OpenQuickly.xib */ = {isa = PBXFileReference; fileEncoding = 4; lastKnownFileType = file.xib; path = OpenQuickly.xib; sourceTree = "<group>"; };
		38734F541406135A00992D33 /* MyOpenQuicklyController.h */ = {isa = PBXFileReference; fileEncoding = 4; lastKnownFileType = sourcecode.c.h; path = MyOpenQuicklyController.h; sourceTree = "<group>"; };
		38734F551406135A00992D33 /* MyOpenQuicklyController.m */ = {isa = PBXFileReference; fileEncoding = 4; lastKnownFileType = sourcecode.c.objc; path = MyOpenQuicklyController.m; sourceTree = "<group>"; };
		38734F571406163A00992D33 /* MyAppDelegate.h */ = {isa = PBXFileReference; fileEncoding = 4; lastKnownFileType = sourcecode.c.h; path = MyAppDelegate.h; sourceTree = "<group>"; };
		38734F581406163A00992D33 /* MyAppDelegate.m */ = {isa = PBXFileReference; fileEncoding = 4; lastKnownFileType = sourcecode.c.objc; path = MyAppDelegate.m; sourceTree = "<group>"; };
		387B21471473D94E00F191F1 /* DuxPHPSingleLineCommentElement.h */ = {isa = PBXFileReference; fileEncoding = 4; lastKnownFileType = sourcecode.c.h; path = DuxPHPSingleLineCommentElement.h; sourceTree = "<group>"; };
		387B21481473D94E00F191F1 /* DuxPHPSingleLineCommentElement.m */ = {isa = PBXFileReference; fileEncoding = 4; lastKnownFileType = sourcecode.c.objc; path = DuxPHPSingleLineCommentElement.m; sourceTree = "<group>"; };
		387B214B1473D95B00F191F1 /* DuxPHPBlockCommentElement.h */ = {isa = PBXFileReference; fileEncoding = 4; lastKnownFileType = sourcecode.c.h; path = DuxPHPBlockCommentElement.h; sourceTree = "<group>"; };
		387B214C1473D95B00F191F1 /* DuxPHPBlockCommentElement.m */ = {isa = PBXFileReference; fileEncoding = 4; lastKnownFileType = sourcecode.c.objc; path = DuxPHPBlockCommentElement.m; sourceTree = "<group>"; };
		3883058A14DE845B00409F43 /* DuxFontSelectorTextField.h */ = {isa = PBXFileReference; fileEncoding = 4; lastKnownFileType = sourcecode.c.h; path = DuxFontSelectorTextField.h; sourceTree = "<group>"; };
		3883058B14DE845B00409F43 /* DuxFontSelectorTextField.m */ = {isa = PBXFileReference; fileEncoding = 4; lastKnownFileType = sourcecode.c.objc; path = DuxFontSelectorTextField.m; sourceTree = "<group>"; };
		388682AB1480409F00C362EE /* DuxLineNumberString.h */ = {isa = PBXFileReference; fileEncoding = 4; lastKnownFileType = sourcecode.c.h; path = DuxLineNumberString.h; sourceTree = "<group>"; };
		388682AC1480409F00C362EE /* DuxLineNumberString.m */ = {isa = PBXFileReference; fileEncoding = 4; lastKnownFileType = sourcecode.c.objc; path = DuxLineNumberString.m; sourceTree = "<group>"; };
		3886D4B014790FD700970CAE /* DuxCSSLanguage.h */ = {isa = PBXFileReference; fileEncoding = 4; lastKnownFileType = sourcecode.c.h; path = DuxCSSLanguage.h; sourceTree = "<group>"; };
		3886D4B114790FD700970CAE /* DuxCSSLanguage.m */ = {isa = PBXFileReference; fileEncoding = 4; lastKnownFileType = sourcecode.c.objc; path = DuxCSSLanguage.m; sourceTree = "<group>"; };
		3886D4B314790FE700970CAE /* DuxCSSBaseElement.h */ = {isa = PBXFileReference; fileEncoding = 4; lastKnownFileType = sourcecode.c.h; path = DuxCSSBaseElement.h; sourceTree = "<group>"; };
		3886D4B414790FE700970CAE /* DuxCSSBaseElement.m */ = {isa = PBXFileReference; fileEncoding = 4; lastKnownFileType = sourcecode.c.objc; path = DuxCSSBaseElement.m; sourceTree = "<group>"; };
		3886D4B61479100000970CAE /* DuxCSSCommentElement.h */ = {isa = PBXFileReference; fileEncoding = 4; lastKnownFileType = sourcecode.c.h; path = DuxCSSCommentElement.h; sourceTree = "<group>"; };
		3886D4B71479100000970CAE /* DuxCSSCommentElement.m */ = {isa = PBXFileReference; fileEncoding = 4; lastKnownFileType = sourcecode.c.objc; path = DuxCSSCommentElement.m; sourceTree = "<group>"; };
		3886D4C1147912BC00970CAE /* DuxCSSClassSelectorElement.h */ = {isa = PBXFileReference; fileEncoding = 4; lastKnownFileType = sourcecode.c.h; path = DuxCSSClassSelectorElement.h; sourceTree = "<group>"; };
		3886D4C2147912BC00970CAE /* DuxCSSClassSelectorElement.m */ = {isa = PBXFileReference; fileEncoding = 4; lastKnownFileType = sourcecode.c.objc; path = DuxCSSClassSelectorElement.m; sourceTree = "<group>"; };
		38983C721474FEC8004DD914 /* JumpToLinePanel.xib */ = {isa = PBXFileReference; fileEncoding = 4; lastKnownFileType = file.xib; path = JumpToLinePanel.xib; sourceTree = "<group>"; };
		38983C7414751B65004DD914 /* DuxLanguageMenuItem.h */ = {isa = PBXFileReference; fileEncoding = 4; lastKnownFileType = sourcecode.c.h; path = DuxLanguageMenuItem.h; sourceTree = "<group>"; };
		38983C7514751B65004DD914 /* DuxLanguageMenuItem.m */ = {isa = PBXFileReference; fileEncoding = 4; lastKnownFileType = sourcecode.c.objc; path = DuxLanguageMenuItem.m; sourceTree = "<group>"; };
		389C8EC2148B0E530029B942 /* DuxStringLineEnumerator.h */ = {isa = PBXFileReference; fileEncoding = 4; lastKnownFileType = sourcecode.c.h; path = DuxStringLineEnumerator.h; sourceTree = "<group>"; };
		389C8EC3148B0E530029B942 /* DuxStringLineEnumerator.m */ = {isa = PBXFileReference; fileEncoding = 4; lastKnownFileType = sourcecode.c.objc; path = DuxStringLineEnumerator.m; sourceTree = "<group>"; };
		38BB441B147F5F54007CAB5B /* DuxOpenQuicklyTableViewCell.h */ = {isa = PBXFileReference; fileEncoding = 4; lastKnownFileType = sourcecode.c.h; path = DuxOpenQuicklyTableViewCell.h; sourceTree = "<group>"; };
		38BB441C147F5F54007CAB5B /* DuxOpenQuicklyTableViewCell.m */ = {isa = PBXFileReference; fileEncoding = 4; lastKnownFileType = sourcecode.c.objc; path = DuxOpenQuicklyTableViewCell.m; sourceTree = "<group>"; };
		38BC9214148764B700CE73EB /* DuxHTMLCommentElement.h */ = {isa = PBXFileReference; fileEncoding = 4; lastKnownFileType = sourcecode.c.h; path = DuxHTMLCommentElement.h; sourceTree = "<group>"; };
		38BC9215148764B700CE73EB /* DuxHTMLCommentElement.m */ = {isa = PBXFileReference; fileEncoding = 4; lastKnownFileType = sourcecode.c.objc; path = DuxHTMLCommentElement.m; sourceTree = "<group>"; };
		38BC9218148766DD00CE73EB /* DuxXMLCommentElement.h */ = {isa = PBXFileReference; fileEncoding = 4; lastKnownFileType = sourcecode.c.h; path = DuxXMLCommentElement.h; sourceTree = "<group>"; };
		38BC9219148766DD00CE73EB /* DuxXMLCommentElement.m */ = {isa = PBXFileReference; fileEncoding = 4; lastKnownFileType = sourcecode.c.objc; path = DuxXMLCommentElement.m; sourceTree = "<group>"; };
		38BC921C1487733B00CE73EB /* PreferencesWindow.xib */ = {isa = PBXFileReference; fileEncoding = 4; lastKnownFileType = file.xib; path = PreferencesWindow.xib; sourceTree = "<group>"; };
		38BC921E1487735500CE73EB /* DuxPreferencesWindowController.h */ = {isa = PBXFileReference; fileEncoding = 4; lastKnownFileType = sourcecode.c.h; lineEnding = 0; path = DuxPreferencesWindowController.h; sourceTree = "<group>"; xcLanguageSpecificationIdentifier = xcode.lang.objcpp; };
		38BC921F1487735500CE73EB /* DuxPreferencesWindowController.m */ = {isa = PBXFileReference; fileEncoding = 4; lastKnownFileType = sourcecode.c.objc; lineEnding = 0; path = DuxPreferencesWindowController.m; sourceTree = "<group>"; xcLanguageSpecificationIdentifier = xcode.lang.objc; };
		38BC92211488151700CE73EB /* DuxPreferences.h */ = {isa = PBXFileReference; fileEncoding = 4; lastKnownFileType = sourcecode.c.h; path = DuxPreferences.h; sourceTree = "<group>"; };
		38BC92221488151700CE73EB /* DuxPreferences.m */ = {isa = PBXFileReference; fileEncoding = 4; lastKnownFileType = sourcecode.c.objc; path = DuxPreferences.m; sourceTree = "<group>"; };
		38CC7D8914E24DC600FE1594 /* DuxRubyLanguage.h */ = {isa = PBXFileReference; fileEncoding = 4; lastKnownFileType = sourcecode.c.h; path = DuxRubyLanguage.h; sourceTree = "<group>"; };
		38CC7D8A14E24DC600FE1594 /* DuxRubyLanguage.m */ = {isa = PBXFileReference; fileEncoding = 4; lastKnownFileType = sourcecode.c.objc; path = DuxRubyLanguage.m; sourceTree = "<group>"; };
		38CC7D8C14E24F0500FE1594 /* DuxRubyBaseElement.h */ = {isa = PBXFileReference; fileEncoding = 4; lastKnownFileType = sourcecode.c.h; path = DuxRubyBaseElement.h; sourceTree = "<group>"; };
		38CC7D8D14E24F0500FE1594 /* DuxRubyBaseElement.m */ = {isa = PBXFileReference; fileEncoding = 4; lastKnownFileType = sourcecode.c.objc; path = DuxRubyBaseElement.m; sourceTree = "<group>"; };
		38CC7D8F14E2500D00FE1594 /* DuxRubySingleQuotedStringElement.h */ = {isa = PBXFileReference; fileEncoding = 4; lastKnownFileType = sourcecode.c.h; path = DuxRubySingleQuotedStringElement.h; sourceTree = "<group>"; };
		38CC7D9014E2500D00FE1594 /* DuxRubySingleQuotedStringElement.m */ = {isa = PBXFileReference; fileEncoding = 4; lastKnownFileType = sourcecode.c.objc; path = DuxRubySingleQuotedStringElement.m; sourceTree = "<group>"; };
		38CC7D9214E2655500FE1594 /* DuxRubyDoubleQuotedStringElement.h */ = {isa = PBXFileReference; fileEncoding = 4; lastKnownFileType = sourcecode.c.h; path = DuxRubyDoubleQuotedStringElement.h; sourceTree = "<group>"; };
		38CC7D9314E2655600FE1594 /* DuxRubyDoubleQuotedStringElement.m */ = {isa = PBXFileReference; fileEncoding = 4; lastKnownFileType = sourcecode.c.objc; path = DuxRubyDoubleQuotedStringElement.m; sourceTree = "<group>"; };
		38CC7D9514E2658700FE1594 /* DuxRubyNumberElement.h */ = {isa = PBXFileReference; fileEncoding = 4; lastKnownFileType = sourcecode.c.h; path = DuxRubyNumberElement.h; sourceTree = "<group>"; };
		38CC7D9614E2658700FE1594 /* DuxRubyNumberElement.m */ = {isa = PBXFileReference; fileEncoding = 4; lastKnownFileType = sourcecode.c.objc; path = DuxRubyNumberElement.m; sourceTree = "<group>"; };
		38CC7D9814E265AB00FE1594 /* DuxRubyKeywordElement.h */ = {isa = PBXFileReference; fileEncoding = 4; lastKnownFileType = sourcecode.c.h; path = DuxRubyKeywordElement.h; sourceTree = "<group>"; };
		38CC7D9914E265AB00FE1594 /* DuxRubyKeywordElement.m */ = {isa = PBXFileReference; fileEncoding = 4; lastKnownFileType = sourcecode.c.objc; path = DuxRubyKeywordElement.m; sourceTree = "<group>"; };
		38CC7D9B14E265DC00FE1594 /* DuxRubySingleLineCommentElement.h */ = {isa = PBXFileReference; fileEncoding = 4; lastKnownFileType = sourcecode.c.h; path = DuxRubySingleLineCommentElement.h; sourceTree = "<group>"; };
		38CC7D9C14E265DC00FE1594 /* DuxRubySingleLineCommentElement.m */ = {isa = PBXFileReference; fileEncoding = 4; lastKnownFileType = sourcecode.c.objc; path = DuxRubySingleLineCommentElement.m; sourceTree = "<group>"; };
		38CC7D9E14E267AB00FE1594 /* DuxRubyRegularExpressionElement.h */ = {isa = PBXFileReference; fileEncoding = 4; lastKnownFileType = sourcecode.c.h; path = DuxRubyRegularExpressionElement.h; sourceTree = "<group>"; };
		38CC7D9F14E267AB00FE1594 /* DuxRubyRegularExpressionElement.m */ = {isa = PBXFileReference; fileEncoding = 4; lastKnownFileType = sourcecode.c.objc; path = DuxRubyRegularExpressionElement.m; sourceTree = "<group>"; };
		38CD8FA5147F8F0500062D34 /* DuxTextContainer.h */ = {isa = PBXFileReference; fileEncoding = 4; lastKnownFileType = sourcecode.c.h; path = DuxTextContainer.h; sourceTree = "<group>"; };
		38CD8FA6147F8F0500062D34 /* DuxTextContainer.m */ = {isa = PBXFileReference; fileEncoding = 4; lastKnownFileType = sourcecode.c.objc; path = DuxTextContainer.m; sourceTree = "<group>"; };
		38CD8FAA147F9CF000062D34 /* DuxCLanguage.h */ = {isa = PBXFileReference; fileEncoding = 4; lastKnownFileType = sourcecode.c.h; lineEnding = 0; path = DuxCLanguage.h; sourceTree = "<group>"; xcLanguageSpecificationIdentifier = xcode.lang.objcpp; };
		38CD8FAB147F9CF000062D34 /* DuxCLanguage.m */ = {isa = PBXFileReference; fileEncoding = 4; lastKnownFileType = sourcecode.c.objc; lineEnding = 0; path = DuxCLanguage.m; sourceTree = "<group>"; xcLanguageSpecificationIdentifier = xcode.lang.objc; };
		38CD8FAD147F9CFB00062D34 /* DuxCBaseElement.h */ = {isa = PBXFileReference; fileEncoding = 4; lastKnownFileType = sourcecode.c.h; lineEnding = 0; path = DuxCBaseElement.h; sourceTree = "<group>"; xcLanguageSpecificationIdentifier = xcode.lang.objcpp; };
		38CD8FAE147F9CFB00062D34 /* DuxCBaseElement.m */ = {isa = PBXFileReference; fileEncoding = 4; lastKnownFileType = sourcecode.c.objc; lineEnding = 0; path = DuxCBaseElement.m; sourceTree = "<group>"; xcLanguageSpecificationIdentifier = xcode.lang.objc; };
		38CD8FB0147F9D0800062D34 /* DuxCSingleQuotedStringElement.h */ = {isa = PBXFileReference; fileEncoding = 4; lastKnownFileType = sourcecode.c.h; lineEnding = 0; path = DuxCSingleQuotedStringElement.h; sourceTree = "<group>"; xcLanguageSpecificationIdentifier = xcode.lang.objcpp; };
		38CD8FB1147F9D0800062D34 /* DuxCSingleQuotedStringElement.m */ = {isa = PBXFileReference; fileEncoding = 4; lastKnownFileType = sourcecode.c.objc; lineEnding = 0; path = DuxCSingleQuotedStringElement.m; sourceTree = "<group>"; xcLanguageSpecificationIdentifier = xcode.lang.objc; };
		38CD8FB3147F9D1400062D34 /* DuxCDoubleQuotedStringElement.h */ = {isa = PBXFileReference; fileEncoding = 4; lastKnownFileType = sourcecode.c.h; lineEnding = 0; path = DuxCDoubleQuotedStringElement.h; sourceTree = "<group>"; xcLanguageSpecificationIdentifier = xcode.lang.objcpp; };
		38CD8FB4147F9D1400062D34 /* DuxCDoubleQuotedStringElement.m */ = {isa = PBXFileReference; fileEncoding = 4; lastKnownFileType = sourcecode.c.objc; lineEnding = 0; path = DuxCDoubleQuotedStringElement.m; sourceTree = "<group>"; xcLanguageSpecificationIdentifier = xcode.lang.objc; };
		38CD8FB6147F9D2000062D34 /* DuxCNumberElement.h */ = {isa = PBXFileReference; fileEncoding = 4; lastKnownFileType = sourcecode.c.h; lineEnding = 0; path = DuxCNumberElement.h; sourceTree = "<group>"; xcLanguageSpecificationIdentifier = xcode.lang.objcpp; };
		38CD8FB7147F9D2000062D34 /* DuxCNumberElement.m */ = {isa = PBXFileReference; fileEncoding = 4; lastKnownFileType = sourcecode.c.objc; lineEnding = 0; path = DuxCNumberElement.m; sourceTree = "<group>"; xcLanguageSpecificationIdentifier = xcode.lang.objc; };
		38CD8FB9147F9D2D00062D34 /* DuxCKeywordElement.h */ = {isa = PBXFileReference; fileEncoding = 4; lastKnownFileType = sourcecode.c.h; lineEnding = 0; path = DuxCKeywordElement.h; sourceTree = "<group>"; xcLanguageSpecificationIdentifier = xcode.lang.objcpp; };
		38CD8FBA147F9D2D00062D34 /* DuxCKeywordElement.m */ = {isa = PBXFileReference; fileEncoding = 4; lastKnownFileType = sourcecode.c.objc; lineEnding = 0; path = DuxCKeywordElement.m; sourceTree = "<group>"; xcLanguageSpecificationIdentifier = xcode.lang.objc; };
		38CD8FBC147F9D3800062D34 /* DuxCSingleLineCommentElement.h */ = {isa = PBXFileReference; fileEncoding = 4; lastKnownFileType = sourcecode.c.h; lineEnding = 0; path = DuxCSingleLineCommentElement.h; sourceTree = "<group>"; xcLanguageSpecificationIdentifier = xcode.lang.objcpp; };
		38CD8FBD147F9D3800062D34 /* DuxCSingleLineCommentElement.m */ = {isa = PBXFileReference; fileEncoding = 4; lastKnownFileType = sourcecode.c.objc; lineEnding = 0; path = DuxCSingleLineCommentElement.m; sourceTree = "<group>"; xcLanguageSpecificationIdentifier = xcode.lang.objc; };
		38CD8FBF147F9D4400062D34 /* DuxCBlockCommentElement.h */ = {isa = PBXFileReference; fileEncoding = 4; lastKnownFileType = sourcecode.c.h; lineEnding = 0; path = DuxCBlockCommentElement.h; sourceTree = "<group>"; xcLanguageSpecificationIdentifier = xcode.lang.objcpp; };
		38CD8FC0147F9D4400062D34 /* DuxCBlockCommentElement.m */ = {isa = PBXFileReference; fileEncoding = 4; lastKnownFileType = sourcecode.c.objc; lineEnding = 0; path = DuxCBlockCommentElement.m; sourceTree = "<group>"; xcLanguageSpecificationIdentifier = xcode.lang.objc; };
		38CD8FC3147FA23000062D34 /* DuxJavaScriptLanguage.h */ = {isa = PBXFileReference; fileEncoding = 4; lastKnownFileType = sourcecode.c.h; lineEnding = 0; path = DuxJavaScriptLanguage.h; sourceTree = "<group>"; xcLanguageSpecificationIdentifier = xcode.lang.objcpp; };
		38CD8FC4147FA23000062D34 /* DuxJavaScriptLanguage.m */ = {isa = PBXFileReference; fileEncoding = 4; lastKnownFileType = sourcecode.c.objc; lineEnding = 0; path = DuxJavaScriptLanguage.m; sourceTree = "<group>"; xcLanguageSpecificationIdentifier = xcode.lang.objc; };
		38CD8FC6147FA24200062D34 /* DuxJavaScriptBaseElement.h */ = {isa = PBXFileReference; fileEncoding = 4; lastKnownFileType = sourcecode.c.h; lineEnding = 0; path = DuxJavaScriptBaseElement.h; sourceTree = "<group>"; xcLanguageSpecificationIdentifier = xcode.lang.objcpp; };
		38CD8FC7147FA24200062D34 /* DuxJavaScriptBaseElement.m */ = {isa = PBXFileReference; fileEncoding = 4; lastKnownFileType = sourcecode.c.objc; lineEnding = 0; path = DuxJavaScriptBaseElement.m; sourceTree = "<group>"; xcLanguageSpecificationIdentifier = xcode.lang.objc; };
		38CD8FC9147FA24E00062D34 /* DuxJavaScriptSingleQuotedStringElement.h */ = {isa = PBXFileReference; fileEncoding = 4; lastKnownFileType = sourcecode.c.h; lineEnding = 0; path = DuxJavaScriptSingleQuotedStringElement.h; sourceTree = "<group>"; xcLanguageSpecificationIdentifier = xcode.lang.objcpp; };
		38CD8FCA147FA24E00062D34 /* DuxJavaScriptSingleQuotedStringElement.m */ = {isa = PBXFileReference; fileEncoding = 4; lastKnownFileType = sourcecode.c.objc; lineEnding = 0; path = DuxJavaScriptSingleQuotedStringElement.m; sourceTree = "<group>"; xcLanguageSpecificationIdentifier = xcode.lang.objc; };
		38CD8FCC147FA25900062D34 /* DuxJavaScriptDoubleQuotedStringElement.h */ = {isa = PBXFileReference; fileEncoding = 4; lastKnownFileType = sourcecode.c.h; lineEnding = 0; path = DuxJavaScriptDoubleQuotedStringElement.h; sourceTree = "<group>"; xcLanguageSpecificationIdentifier = xcode.lang.objcpp; };
		38CD8FCD147FA25900062D34 /* DuxJavaScriptDoubleQuotedStringElement.m */ = {isa = PBXFileReference; fileEncoding = 4; lastKnownFileType = sourcecode.c.objc; lineEnding = 0; path = DuxJavaScriptDoubleQuotedStringElement.m; sourceTree = "<group>"; xcLanguageSpecificationIdentifier = xcode.lang.objc; };
		38CD8FCF147FA26100062D34 /* DuxJavaScriptNumberElement.h */ = {isa = PBXFileReference; fileEncoding = 4; lastKnownFileType = sourcecode.c.h; lineEnding = 0; path = DuxJavaScriptNumberElement.h; sourceTree = "<group>"; xcLanguageSpecificationIdentifier = xcode.lang.objcpp; };
		38CD8FD0147FA26100062D34 /* DuxJavaScriptNumberElement.m */ = {isa = PBXFileReference; fileEncoding = 4; lastKnownFileType = sourcecode.c.objc; lineEnding = 0; path = DuxJavaScriptNumberElement.m; sourceTree = "<group>"; xcLanguageSpecificationIdentifier = xcode.lang.objc; };
		38CD8FD2147FA26D00062D34 /* DuxJavaScriptKeywordElement.h */ = {isa = PBXFileReference; fileEncoding = 4; lastKnownFileType = sourcecode.c.h; lineEnding = 0; path = DuxJavaScriptKeywordElement.h; sourceTree = "<group>"; xcLanguageSpecificationIdentifier = xcode.lang.objcpp; };
		38CD8FD3147FA26D00062D34 /* DuxJavaScriptKeywordElement.m */ = {isa = PBXFileReference; fileEncoding = 4; lastKnownFileType = sourcecode.c.objc; lineEnding = 0; path = DuxJavaScriptKeywordElement.m; sourceTree = "<group>"; xcLanguageSpecificationIdentifier = xcode.lang.objc; };
		38CD8FD5147FA27900062D34 /* DuxJavaScriptSingleLineCommentElement.h */ = {isa = PBXFileReference; fileEncoding = 4; lastKnownFileType = sourcecode.c.h; lineEnding = 0; path = DuxJavaScriptSingleLineCommentElement.h; sourceTree = "<group>"; xcLanguageSpecificationIdentifier = xcode.lang.objcpp; };
		38CD8FD6147FA27A00062D34 /* DuxJavaScriptSingleLineCommentElement.m */ = {isa = PBXFileReference; fileEncoding = 4; lastKnownFileType = sourcecode.c.objc; lineEnding = 0; path = DuxJavaScriptSingleLineCommentElement.m; sourceTree = "<group>"; xcLanguageSpecificationIdentifier = xcode.lang.objc; };
		38CD8FD8147FA28600062D34 /* DuxJavaScriptBlockCommentElement.h */ = {isa = PBXFileReference; fileEncoding = 4; lastKnownFileType = sourcecode.c.h; lineEnding = 0; path = DuxJavaScriptBlockCommentElement.h; sourceTree = "<group>"; xcLanguageSpecificationIdentifier = xcode.lang.objcpp; };
		38CD8FD9147FA28700062D34 /* DuxJavaScriptBlockCommentElement.m */ = {isa = PBXFileReference; fileEncoding = 4; lastKnownFileType = sourcecode.c.objc; lineEnding = 0; path = DuxJavaScriptBlockCommentElement.m; sourceTree = "<group>"; xcLanguageSpecificationIdentifier = xcode.lang.objc; };
		38CFE15B1403C96900CA7044 /* appicon.icns */ = {isa = PBXFileReference; lastKnownFileType = image.icns; name = appicon.icns; path = ../Artwork/appicon.icns; sourceTree = "<group>"; };
		38CFE15D1403CBCD00CA7044 /* docicon.icns */ = {isa = PBXFileReference; lastKnownFileType = image.icns; name = docicon.icns; path = ../Artwork/docicon.icns; sourceTree = "<group>"; };
		38CFEEC11473AEE700F81E6F /* DuxPHPLanguage.h */ = {isa = PBXFileReference; fileEncoding = 4; lastKnownFileType = sourcecode.c.h; path = DuxPHPLanguage.h; sourceTree = "<group>"; };
		38CFEEC21473AEE700F81E6F /* DuxPHPLanguage.m */ = {isa = PBXFileReference; fileEncoding = 4; lastKnownFileType = sourcecode.c.objc; path = DuxPHPLanguage.m; sourceTree = "<group>"; };
		38CFEEC41473AEF500F81E6F /* DuxPHPBaseElement.h */ = {isa = PBXFileReference; fileEncoding = 4; lastKnownFileType = sourcecode.c.h; path = DuxPHPBaseElement.h; sourceTree = "<group>"; };
		38CFEEC51473AEF500F81E6F /* DuxPHPBaseElement.m */ = {isa = PBXFileReference; fileEncoding = 4; lastKnownFileType = sourcecode.c.objc; path = DuxPHPBaseElement.m; sourceTree = "<group>"; };
		38CFEECA1473AF2500F81E6F /* DuxPHPSingleQuoteStringElement.h */ = {isa = PBXFileReference; fileEncoding = 4; lastKnownFileType = sourcecode.c.h; path = DuxPHPSingleQuoteStringElement.h; sourceTree = "<group>"; };
		38CFEECB1473AF2500F81E6F /* DuxPHPSingleQuoteStringElement.m */ = {isa = PBXFileReference; fileEncoding = 4; lastKnownFileType = sourcecode.c.objc; path = DuxPHPSingleQuoteStringElement.m; sourceTree = "<group>"; };
		38CFEECD1473AF3400F81E6F /* DuxPHPDoubleQuoteStringElement.h */ = {isa = PBXFileReference; fileEncoding = 4; lastKnownFileType = sourcecode.c.h; path = DuxPHPDoubleQuoteStringElement.h; sourceTree = "<group>"; };
		38CFEECE1473AF3400F81E6F /* DuxPHPDoubleQuoteStringElement.m */ = {isa = PBXFileReference; fileEncoding = 4; lastKnownFileType = sourcecode.c.objc; path = DuxPHPDoubleQuoteStringElement.m; sourceTree = "<group>"; };
		38CFEED01473AF4200F81E6F /* DuxPHPNumberElement.h */ = {isa = PBXFileReference; fileEncoding = 4; lastKnownFileType = sourcecode.c.h; path = DuxPHPNumberElement.h; sourceTree = "<group>"; };
		38CFEED11473AF4200F81E6F /* DuxPHPNumberElement.m */ = {isa = PBXFileReference; fileEncoding = 4; lastKnownFileType = sourcecode.c.objc; path = DuxPHPNumberElement.m; sourceTree = "<group>"; };
		38CFEED31473AF5400F81E6F /* DuxPHPVariableElement.h */ = {isa = PBXFileReference; fileEncoding = 4; lastKnownFileType = sourcecode.c.h; path = DuxPHPVariableElement.h; sourceTree = "<group>"; };
		38CFEED41473AF5400F81E6F /* DuxPHPVariableElement.m */ = {isa = PBXFileReference; fileEncoding = 4; lastKnownFileType = sourcecode.c.objc; path = DuxPHPVariableElement.m; sourceTree = "<group>"; };
		38CFEED61473B1DF00F81E6F /* DuxPHPKeywordElement.h */ = {isa = PBXFileReference; fileEncoding = 4; lastKnownFileType = sourcecode.c.h; path = DuxPHPKeywordElement.h; sourceTree = "<group>"; };
		38CFEED71473B1E000F81E6F /* DuxPHPKeywordElement.m */ = {isa = PBXFileReference; fileEncoding = 4; lastKnownFileType = sourcecode.c.objc; path = DuxPHPKeywordElement.m; sourceTree = "<group>"; };
		38D605831403859600D70F81 /* Dux.app */ = {isa = PBXFileReference; explicitFileType = wrapper.application; includeInIndex = 0; path = Dux.app; sourceTree = BUILT_PRODUCTS_DIR; };
		38D605871403859600D70F81 /* Cocoa.framework */ = {isa = PBXFileReference; lastKnownFileType = wrapper.framework; name = Cocoa.framework; path = System/Library/Frameworks/Cocoa.framework; sourceTree = SDKROOT; };
		38D6058A1403859600D70F81 /* AppKit.framework */ = {isa = PBXFileReference; lastKnownFileType = wrapper.framework; name = AppKit.framework; path = System/Library/Frameworks/AppKit.framework; sourceTree = SDKROOT; };
		38D6058B1403859600D70F81 /* CoreData.framework */ = {isa = PBXFileReference; lastKnownFileType = wrapper.framework; name = CoreData.framework; path = System/Library/Frameworks/CoreData.framework; sourceTree = SDKROOT; };
		38D6058C1403859600D70F81 /* Foundation.framework */ = {isa = PBXFileReference; lastKnownFileType = wrapper.framework; name = Foundation.framework; path = System/Library/Frameworks/Foundation.framework; sourceTree = SDKROOT; };
		38D6058F1403859600D70F81 /* Dux-Info.plist */ = {isa = PBXFileReference; lastKnownFileType = text.plist.xml; path = "Dux-Info.plist"; sourceTree = "<group>"; };
		38D605911403859600D70F81 /* en */ = {isa = PBXFileReference; lastKnownFileType = text.plist.strings; name = en; path = en.lproj/InfoPlist.strings; sourceTree = "<group>"; };
		38D605931403859600D70F81 /* main.m */ = {isa = PBXFileReference; lastKnownFileType = sourcecode.c.objc; path = main.m; sourceTree = "<group>"; };
		38D605951403859600D70F81 /* Dux-Prefix.pch */ = {isa = PBXFileReference; lastKnownFileType = sourcecode.c.h; path = "Dux-Prefix.pch"; sourceTree = "<group>"; };
		38D605971403859600D70F81 /* en */ = {isa = PBXFileReference; lastKnownFileType = text.rtf; name = en; path = en.lproj/Credits.rtf; sourceTree = "<group>"; };
		38D605991403859600D70F81 /* MyTextDocument.h */ = {isa = PBXFileReference; lastKnownFileType = sourcecode.c.h; path = MyTextDocument.h; sourceTree = "<group>"; };
		38D6059A1403859600D70F81 /* MyTextDocument.m */ = {isa = PBXFileReference; lastKnownFileType = sourcecode.c.objc; path = MyTextDocument.m; sourceTree = "<group>"; };
		38D6059D1403859700D70F81 /* en */ = {isa = PBXFileReference; lastKnownFileType = file.xib; name = en; path = en.lproj/MyTextDocument.xib; sourceTree = "<group>"; };
		38D605A01403859700D70F81 /* en */ = {isa = PBXFileReference; lastKnownFileType = file.xib; name = en; path = en.lproj/MainMenu.xib; sourceTree = "<group>"; };
		38D605D41403996C00D70F81 /* WebKit.framework */ = {isa = PBXFileReference; lastKnownFileType = wrapper.framework; name = WebKit.framework; path = System/Library/Frameworks/WebKit.framework; sourceTree = SDKROOT; };
		38D605D614039A0600D70F81 /* CoreFoundation.framework */ = {isa = PBXFileReference; lastKnownFileType = wrapper.framework; name = CoreFoundation.framework; path = System/Library/Frameworks/CoreFoundation.framework; sourceTree = SDKROOT; };
		38DF856B147EFE620004B358 /* Dux.entitlements */ = {isa = PBXFileReference; lastKnownFileType = text.xml; path = Dux.entitlements; sourceTree = "<group>"; };
		38EDD51F1478E5AA0077BAB0 /* DuxXMLLanguage.h */ = {isa = PBXFileReference; fileEncoding = 4; lastKnownFileType = sourcecode.c.h; path = DuxXMLLanguage.h; sourceTree = "<group>"; };
		38EDD5201478E5AA0077BAB0 /* DuxXMLLanguage.m */ = {isa = PBXFileReference; fileEncoding = 4; lastKnownFileType = sourcecode.c.objc; path = DuxXMLLanguage.m; sourceTree = "<group>"; };
		38EDD5221478E5B70077BAB0 /* DuxXMLBaseElement.h */ = {isa = PBXFileReference; fileEncoding = 4; lastKnownFileType = sourcecode.c.h; path = DuxXMLBaseElement.h; sourceTree = "<group>"; };
		38EDD5231478E5B70077BAB0 /* DuxXMLBaseElement.m */ = {isa = PBXFileReference; fileEncoding = 4; lastKnownFileType = sourcecode.c.objc; path = DuxXMLBaseElement.m; sourceTree = "<group>"; };
		38EDD5251478E5C30077BAB0 /* DuxXMLTagElement.h */ = {isa = PBXFileReference; fileEncoding = 4; lastKnownFileType = sourcecode.c.h; path = DuxXMLTagElement.h; sourceTree = "<group>"; };
		38EDD5261478E5C30077BAB0 /* DuxXMLTagElement.m */ = {isa = PBXFileReference; fileEncoding = 4; lastKnownFileType = sourcecode.c.objc; path = DuxXMLTagElement.m; sourceTree = "<group>"; };
		38EDD5281478E5DD0077BAB0 /* DuxXMLTagAttributeElement.h */ = {isa = PBXFileReference; fileEncoding = 4; lastKnownFileType = sourcecode.c.h; path = DuxXMLTagAttributeElement.h; sourceTree = "<group>"; };
		38EDD5291478E5DD0077BAB0 /* DuxXMLTagAttributeElement.m */ = {isa = PBXFileReference; fileEncoding = 4; lastKnownFileType = sourcecode.c.objc; path = DuxXMLTagAttributeElement.m; sourceTree = "<group>"; };
		38EDD52B1478E5E90077BAB0 /* DuxXMLEntityElement.h */ = {isa = PBXFileReference; fileEncoding = 4; lastKnownFileType = sourcecode.c.h; path = DuxXMLEntityElement.h; sourceTree = "<group>"; };
		38EDD52C1478E5E90077BAB0 /* DuxXMLEntityElement.m */ = {isa = PBXFileReference; fileEncoding = 4; lastKnownFileType = sourcecode.c.objc; path = DuxXMLEntityElement.m; sourceTree = "<group>"; };
/* End PBXFileReference section */

/* Begin PBXFrameworksBuildPhase section */
		38D605801403859600D70F81 /* Frameworks */ = {
			isa = PBXFrameworksBuildPhase;
			buildActionMask = 2147483647;
			files = (
				38D605D714039A0600D70F81 /* CoreFoundation.framework in Frameworks */,
				38D605D51403996C00D70F81 /* WebKit.framework in Frameworks */,
				38D605881403859600D70F81 /* Cocoa.framework in Frameworks */,
			);
			runOnlyForDeploymentPostprocessing = 0;
		};
/* End PBXFrameworksBuildPhase section */

/* Begin PBXGroup section */
		3804A8161478DA00005C587A /* Languages */ = {
			isa = PBXGroup;
			children = (
				38CC7D8714E24D9E00FE1594 /* Ruby */,
				38CD8FC2147FA21600062D34 /* JavaScript */,
				38CD8FA9147F9CD000062D34 /* C/C++ */,
				3886D4AE14790FBE00970CAE /* CSS */,
				38EDD51D1478E58B0077BAB0 /* XML */,
				3804A8181478DA1D005C587A /* Plain Text */,
				3824F0821452307300F00B96 /* HTML */,
				38CFEEBC1473AEBB00F81E6F /* PHP */,
			);
			name = Languages;
			sourceTree = "<group>";
		};
		3804A8181478DA1D005C587A /* Plain Text */ = {
			isa = PBXGroup;
			children = (
				3804A8191478DA3E005C587A /* DuxPlainTextLanguage.h */,
				3804A81A1478DA3E005C587A /* DuxPlainTextLanguage.m */,
				3804A81C1478DA7F005C587A /* DuxPlainTextBaseElement.h */,
				3804A81D1478DA7F005C587A /* DuxPlainTextBaseElement.m */,
			);
			name = "Plain Text";
			sourceTree = "<group>";
		};
		380AED3914500340005770D7 /* Text View */ = {
			isa = PBXGroup;
			children = (
				380AED3B14500377005770D7 /* DuxTextView.h */,
				380AED3C14500377005770D7 /* DuxTextView.m */,
				38CD8FA5147F8F0500062D34 /* DuxTextContainer.h */,
				38CD8FA6147F8F0500062D34 /* DuxTextContainer.m */,
				3824F07314522FAB00F00B96 /* DuxSyntaxHighlighter.h */,
				3824F07414522FAB00F00B96 /* DuxSyntaxHighlighter.m */,
				3824F0791452304D00F00B96 /* DuxLanguage.h */,
				3824F07A1452304D00F00B96 /* DuxLanguage.m */,
				3824F07C1452305700F00B96 /* DuxLanguageElement.h */,
				3824F07D1452305700F00B96 /* DuxLanguageElement.m */,
				38983C7414751B65004DD914 /* DuxLanguageMenuItem.h */,
				38983C7514751B65004DD914 /* DuxLanguageMenuItem.m */,
				388682AB1480409F00C362EE /* DuxLineNumberString.h */,
				388682AC1480409F00C362EE /* DuxLineNumberString.m */,
				38983C721474FEC8004DD914 /* JumpToLinePanel.xib */,
				3804A8161478DA00005C587A /* Languages */,
			);
			name = "Text View";
			sourceTree = "<group>";
		};
		3824F0821452307300F00B96 /* HTML */ = {
			isa = PBXGroup;
			children = (
				3824F07F1452306F00F00B96 /* DuxHTMLLanguage.h */,
				3824F0801452306F00F00B96 /* DuxHTMLLanguage.m */,
				3824F0831452E75700F00B96 /* DuxHTMLBaseElement.h */,
				3824F0841452E75700F00B96 /* DuxHTMLBaseElement.m */,
				3829D936145A9F7D00188ECF /* DuxHTMLTagElement.h */,
				3829D937145A9F7D00188ECF /* DuxHTMLTagElement.m */,
				38383A04146FB25C008CD049 /* DuxHTMLTagAttributeElement.h */,
				38383A05146FB25C008CD049 /* DuxHTMLTagAttributeElement.m */,
				384FDFDE14710EFC00BD0D8D /* DuxHTMLEntityElement.h */,
				384FDFDF14710EFC00BD0D8D /* DuxHTMLEntityElement.m */,
				38BC9214148764B700CE73EB /* DuxHTMLCommentElement.h */,
				38BC9215148764B700CE73EB /* DuxHTMLCommentElement.m */,
			);
			name = HTML;
			sourceTree = "<group>";
		};
		3837FAA81475E009002CC459 /* Misc */ = {
			isa = PBXGroup;
			children = (
				3837FAB01475E058002CC459 /* NSStringDuxAdditions.h */,
				3837FAB11475E058002CC459 /* NSStringDuxAdditions.m */,
				389C8EC2148B0E530029B942 /* DuxStringLineEnumerator.h */,
				389C8EC3148B0E530029B942 /* DuxStringLineEnumerator.m */,
				3822EAA9148623970068330B /* DuxScrollViewAnimation.h */,
				3822EAAA148623970068330B /* DuxScrollViewAnimation.m */,
			);
			name = Misc;
			sourceTree = "<group>";
		};
		3886D4AE14790FBE00970CAE /* CSS */ = {
			isa = PBXGroup;
			children = (
				3886D4B014790FD700970CAE /* DuxCSSLanguage.h */,
				3886D4B114790FD700970CAE /* DuxCSSLanguage.m */,
				3886D4B314790FE700970CAE /* DuxCSSBaseElement.h */,
				3886D4B414790FE700970CAE /* DuxCSSBaseElement.m */,
				3886D4B61479100000970CAE /* DuxCSSCommentElement.h */,
				3886D4B71479100000970CAE /* DuxCSSCommentElement.m */,
				3886D4C1147912BC00970CAE /* DuxCSSClassSelectorElement.h */,
				3886D4C2147912BC00970CAE /* DuxCSSClassSelectorElement.m */,
				385A1E9A147916760084F48E /* DuxCSSIDSelectorElement.h */,
				385A1E9B147916760084F48E /* DuxCSSIDSelectorElement.m */,
				385A1E9E147917590084F48E /* DuxCSSPseudoSelectorElement.h */,
				385A1E9F147917590084F48E /* DuxCSSPseudoSelectorElement.m */,
				385A1EA1147918770084F48E /* DuxCSSDefinitionBlockElement.h */,
				385A1EA2147918770084F48E /* DuxCSSDefinitionBlockElement.m */,
				385A1EA4147919A70084F48E /* DuxCSSPropertyNameElement.h */,
				385A1EA5147919A80084F48E /* DuxCSSPropertyNameElement.m */,
				38110AE614791AF50028B786 /* DuxCSSPropertyValueElement.h */,
				38110AE714791AF50028B786 /* DuxCSSPropertyValueElement.m */,
				38110AEA14791C3C0028B786 /* DuxCSSNumberValueElement.h */,
				38110AEB14791C3C0028B786 /* DuxCSSNumberValueElement.m */,
				38110AED14791E850028B786 /* DuxCSSColorValueElement.h */,
				38110AEE14791E850028B786 /* DuxCSSColorValueElement.m */,
			);
			name = CSS;
			sourceTree = "<group>";
		};
		38A72CB11409057E008C26C9 /* Open Quickly */ = {
			isa = PBXGroup;
			children = (
				38734F541406135A00992D33 /* MyOpenQuicklyController.h */,
				38734F551406135A00992D33 /* MyOpenQuicklyController.m */,
				38734F511406133200992D33 /* OpenQuickly.xib */,
				38BB441B147F5F54007CAB5B /* DuxOpenQuicklyTableViewCell.h */,
				38BB441C147F5F54007CAB5B /* DuxOpenQuicklyTableViewCell.m */,
			);
			name = "Open Quickly";
			sourceTree = "<group>";
		};
		38BC921B1487731E00CE73EB /* Preferences */ = {
			isa = PBXGroup;
			children = (
				38BC92211488151700CE73EB /* DuxPreferences.h */,
				38BC92221488151700CE73EB /* DuxPreferences.m */,
				38BC921E1487735500CE73EB /* DuxPreferencesWindowController.h */,
				38BC921F1487735500CE73EB /* DuxPreferencesWindowController.m */,
				3883058A14DE845B00409F43 /* DuxFontSelectorTextField.h */,
				3883058B14DE845B00409F43 /* DuxFontSelectorTextField.m */,
				38BC921C1487733B00CE73EB /* PreferencesWindow.xib */,
			);
			name = Preferences;
			sourceTree = "<group>";
		};
		38CC7D8714E24D9E00FE1594 /* Ruby */ = {
			isa = PBXGroup;
			children = (
				38CC7D8914E24DC600FE1594 /* DuxRubyLanguage.h */,
				38CC7D8A14E24DC600FE1594 /* DuxRubyLanguage.m */,
				38CC7D8C14E24F0500FE1594 /* DuxRubyBaseElement.h */,
				38CC7D8D14E24F0500FE1594 /* DuxRubyBaseElement.m */,
				38CC7D8F14E2500D00FE1594 /* DuxRubySingleQuotedStringElement.h */,
				38CC7D9014E2500D00FE1594 /* DuxRubySingleQuotedStringElement.m */,
				38CC7D9214E2655500FE1594 /* DuxRubyDoubleQuotedStringElement.h */,
				38CC7D9314E2655600FE1594 /* DuxRubyDoubleQuotedStringElement.m */,
				38CC7D9514E2658700FE1594 /* DuxRubyNumberElement.h */,
				38CC7D9614E2658700FE1594 /* DuxRubyNumberElement.m */,
				38CC7D9814E265AB00FE1594 /* DuxRubyKeywordElement.h */,
				38CC7D9914E265AB00FE1594 /* DuxRubyKeywordElement.m */,
				38CC7D9B14E265DC00FE1594 /* DuxRubySingleLineCommentElement.h */,
				38CC7D9C14E265DC00FE1594 /* DuxRubySingleLineCommentElement.m */,
				38CC7D9E14E267AB00FE1594 /* DuxRubyRegularExpressionElement.h */,
				38CC7D9F14E267AB00FE1594 /* DuxRubyRegularExpressionElement.m */,
			);
			name = Ruby;
			sourceTree = "<group>";
		};
		38CD8FA9147F9CD000062D34 /* C/C++ */ = {
			isa = PBXGroup;
			children = (
				38CD8FAA147F9CF000062D34 /* DuxCLanguage.h */,
				38CD8FAB147F9CF000062D34 /* DuxCLanguage.m */,
				38CD8FAD147F9CFB00062D34 /* DuxCBaseElement.h */,
				38CD8FAE147F9CFB00062D34 /* DuxCBaseElement.m */,
				38CD8FB0147F9D0800062D34 /* DuxCSingleQuotedStringElement.h */,
				38CD8FB1147F9D0800062D34 /* DuxCSingleQuotedStringElement.m */,
				38CD8FB3147F9D1400062D34 /* DuxCDoubleQuotedStringElement.h */,
				38CD8FB4147F9D1400062D34 /* DuxCDoubleQuotedStringElement.m */,
				38CD8FB6147F9D2000062D34 /* DuxCNumberElement.h */,
				38CD8FB7147F9D2000062D34 /* DuxCNumberElement.m */,
				38CD8FB9147F9D2D00062D34 /* DuxCKeywordElement.h */,
				38CD8FBA147F9D2D00062D34 /* DuxCKeywordElement.m */,
				38CD8FBC147F9D3800062D34 /* DuxCSingleLineCommentElement.h */,
				38CD8FBD147F9D3800062D34 /* DuxCSingleLineCommentElement.m */,
				38CD8FBF147F9D4400062D34 /* DuxCBlockCommentElement.h */,
				38CD8FC0147F9D4400062D34 /* DuxCBlockCommentElement.m */,
			);
			name = "C/C++";
			sourceTree = "<group>";
		};
		38CD8FC2147FA21600062D34 /* JavaScript */ = {
			isa = PBXGroup;
			children = (
				38CD8FC3147FA23000062D34 /* DuxJavaScriptLanguage.h */,
				38CD8FC4147FA23000062D34 /* DuxJavaScriptLanguage.m */,
				38CD8FC6147FA24200062D34 /* DuxJavaScriptBaseElement.h */,
				38CD8FC7147FA24200062D34 /* DuxJavaScriptBaseElement.m */,
				38CD8FC9147FA24E00062D34 /* DuxJavaScriptSingleQuotedStringElement.h */,
				38CD8FCA147FA24E00062D34 /* DuxJavaScriptSingleQuotedStringElement.m */,
				38CD8FCC147FA25900062D34 /* DuxJavaScriptDoubleQuotedStringElement.h */,
				38CD8FCD147FA25900062D34 /* DuxJavaScriptDoubleQuotedStringElement.m */,
				38CD8FCF147FA26100062D34 /* DuxJavaScriptNumberElement.h */,
				38CD8FD0147FA26100062D34 /* DuxJavaScriptNumberElement.m */,
				38CD8FD2147FA26D00062D34 /* DuxJavaScriptKeywordElement.h */,
				38CD8FD3147FA26D00062D34 /* DuxJavaScriptKeywordElement.m */,
				38CD8FD5147FA27900062D34 /* DuxJavaScriptSingleLineCommentElement.h */,
				38CD8FD6147FA27A00062D34 /* DuxJavaScriptSingleLineCommentElement.m */,
				38CD8FD8147FA28600062D34 /* DuxJavaScriptBlockCommentElement.h */,
				38CD8FD9147FA28700062D34 /* DuxJavaScriptBlockCommentElement.m */,
			);
			name = JavaScript;
			sourceTree = "<group>";
		};
		38CFEEBC1473AEBB00F81E6F /* PHP */ = {
			isa = PBXGroup;
			children = (
				38CFEEC11473AEE700F81E6F /* DuxPHPLanguage.h */,
				38CFEEC21473AEE700F81E6F /* DuxPHPLanguage.m */,
				38CFEEC41473AEF500F81E6F /* DuxPHPBaseElement.h */,
				38CFEEC51473AEF500F81E6F /* DuxPHPBaseElement.m */,
				38CFEECA1473AF2500F81E6F /* DuxPHPSingleQuoteStringElement.h */,
				38CFEECB1473AF2500F81E6F /* DuxPHPSingleQuoteStringElement.m */,
				38CFEECD1473AF3400F81E6F /* DuxPHPDoubleQuoteStringElement.h */,
				38CFEECE1473AF3400F81E6F /* DuxPHPDoubleQuoteStringElement.m */,
				38CFEED01473AF4200F81E6F /* DuxPHPNumberElement.h */,
				38CFEED11473AF4200F81E6F /* DuxPHPNumberElement.m */,
				38CFEED31473AF5400F81E6F /* DuxPHPVariableElement.h */,
				38CFEED41473AF5400F81E6F /* DuxPHPVariableElement.m */,
				38CFEED61473B1DF00F81E6F /* DuxPHPKeywordElement.h */,
				38CFEED71473B1E000F81E6F /* DuxPHPKeywordElement.m */,
				387B21471473D94E00F191F1 /* DuxPHPSingleLineCommentElement.h */,
				387B21481473D94E00F191F1 /* DuxPHPSingleLineCommentElement.m */,
				387B214B1473D95B00F191F1 /* DuxPHPBlockCommentElement.h */,
				387B214C1473D95B00F191F1 /* DuxPHPBlockCommentElement.m */,
			);
			name = PHP;
			sourceTree = "<group>";
		};
		38D605781403859600D70F81 = {
			isa = PBXGroup;
			children = (
				38D6058D1403859600D70F81 /* Dux */,
				38D605861403859600D70F81 /* Frameworks */,
				38D605841403859600D70F81 /* Products */,
			);
			sourceTree = "<group>";
		};
		38D605841403859600D70F81 /* Products */ = {
			isa = PBXGroup;
			children = (
				38D605831403859600D70F81 /* Dux.app */,
			);
			name = Products;
			sourceTree = "<group>";
		};
		38D605861403859600D70F81 /* Frameworks */ = {
			isa = PBXGroup;
			children = (
				38D605871403859600D70F81 /* Cocoa.framework */,
				38D605891403859600D70F81 /* Other Frameworks */,
			);
			name = Frameworks;
			sourceTree = "<group>";
		};
		38D605891403859600D70F81 /* Other Frameworks */ = {
			isa = PBXGroup;
			children = (
				38D605D614039A0600D70F81 /* CoreFoundation.framework */,
				38D6058A1403859600D70F81 /* AppKit.framework */,
				38D6058B1403859600D70F81 /* CoreData.framework */,
				38D6058C1403859600D70F81 /* Foundation.framework */,
				38D605D41403996C00D70F81 /* WebKit.framework */,
			);
			name = "Other Frameworks";
			sourceTree = "<group>";
		};
		38D6058D1403859600D70F81 /* Dux */ = {
			isa = PBXGroup;
			children = (
				38734F571406163A00992D33 /* MyAppDelegate.h */,
				38734F581406163A00992D33 /* MyAppDelegate.m */,
				38D605991403859600D70F81 /* MyTextDocument.h */,
				38D6059A1403859600D70F81 /* MyTextDocument.m */,
				38D6059C1403859700D70F81 /* MyTextDocument.xib */,
				38D6059F1403859700D70F81 /* MainMenu.xib */,
				380AED3914500340005770D7 /* Text View */,
				38BC921B1487731E00CE73EB /* Preferences */,
				38A72CB11409057E008C26C9 /* Open Quickly */,
				3837FAA81475E009002CC459 /* Misc */,
				38D6058E1403859600D70F81 /* Supporting Files */,
			);
			path = Dux;
			sourceTree = "<group>";
		};
		38D6058E1403859600D70F81 /* Supporting Files */ = {
			isa = PBXGroup;
			children = (
				38D6058F1403859600D70F81 /* Dux-Info.plist */,
				38D605901403859600D70F81 /* InfoPlist.strings */,
				38D605931403859600D70F81 /* main.m */,
				38D605951403859600D70F81 /* Dux-Prefix.pch */,
				38D605961403859600D70F81 /* Credits.rtf */,
				38CFE15B1403C96900CA7044 /* appicon.icns */,
				38CFE15D1403CBCD00CA7044 /* docicon.icns */,
				38DF856B147EFE620004B358 /* Dux.entitlements */,
			);
			name = "Supporting Files";
			sourceTree = "<group>";
		};
		38EDD51D1478E58B0077BAB0 /* XML */ = {
			isa = PBXGroup;
			children = (
				38EDD51F1478E5AA0077BAB0 /* DuxXMLLanguage.h */,
				38EDD5201478E5AA0077BAB0 /* DuxXMLLanguage.m */,
				38EDD5221478E5B70077BAB0 /* DuxXMLBaseElement.h */,
				38EDD5231478E5B70077BAB0 /* DuxXMLBaseElement.m */,
				38EDD5251478E5C30077BAB0 /* DuxXMLTagElement.h */,
				38EDD5261478E5C30077BAB0 /* DuxXMLTagElement.m */,
				38EDD5281478E5DD0077BAB0 /* DuxXMLTagAttributeElement.h */,
				38EDD5291478E5DD0077BAB0 /* DuxXMLTagAttributeElement.m */,
				38EDD52B1478E5E90077BAB0 /* DuxXMLEntityElement.h */,
				38EDD52C1478E5E90077BAB0 /* DuxXMLEntityElement.m */,
				38BC9218148766DD00CE73EB /* DuxXMLCommentElement.h */,
				38BC9219148766DD00CE73EB /* DuxXMLCommentElement.m */,
			);
			name = XML;
			sourceTree = "<group>";
		};
/* End PBXGroup section */

/* Begin PBXNativeTarget section */
		38D605821403859600D70F81 /* Dux */ = {
			isa = PBXNativeTarget;
			buildConfigurationList = 38D605A41403859700D70F81 /* Build configuration list for PBXNativeTarget "Dux" */;
			buildPhases = (
				38D6057F1403859600D70F81 /* Sources */,
				38D605801403859600D70F81 /* Frameworks */,
				38D605811403859600D70F81 /* Resources */,
				3826B8F5147993B7009FD11B /* ShellScript */,
			);
			buildRules = (
			);
			dependencies = (
			);
			name = Dux;
			productName = Dux;
			productReference = 38D605831403859600D70F81 /* Dux.app */;
			productType = "com.apple.product-type.application";
		};
/* End PBXNativeTarget section */

/* Begin PBXProject section */
		38D6057A1403859600D70F81 /* Project object */ = {
			isa = PBXProject;
			buildConfigurationList = 38D6057D1403859600D70F81 /* Build configuration list for PBXProject "Dux" */;
			compatibilityVersion = "Xcode 3.2";
			developmentRegion = English;
			hasScannedForEncodings = 0;
			knownRegions = (
				en,
			);
			mainGroup = 38D605781403859600D70F81;
			productRefGroup = 38D605841403859600D70F81 /* Products */;
			projectDirPath = "";
			projectRoot = "";
			targets = (
				38D605821403859600D70F81 /* Dux */,
			);
		};
/* End PBXProject section */

/* Begin PBXResourcesBuildPhase section */
		38D605811403859600D70F81 /* Resources */ = {
			isa = PBXResourcesBuildPhase;
			buildActionMask = 2147483647;
			files = (
				38D605921403859600D70F81 /* InfoPlist.strings in Resources */,
				38D605981403859600D70F81 /* Credits.rtf in Resources */,
				38D6059E1403859700D70F81 /* MyTextDocument.xib in Resources */,
				38D605A11403859700D70F81 /* MainMenu.xib in Resources */,
				38CFE15C1403C96900CA7044 /* appicon.icns in Resources */,
				38CFE15E1403CBCD00CA7044 /* docicon.icns in Resources */,
				38734F521406133200992D33 /* OpenQuickly.xib in Resources */,
				38983C731474FEC8004DD914 /* JumpToLinePanel.xib in Resources */,
				38BC921D1487733B00CE73EB /* PreferencesWindow.xib in Resources */,
			);
			runOnlyForDeploymentPostprocessing = 0;
		};
/* End PBXResourcesBuildPhase section */

/* Begin PBXShellScriptBuildPhase section */
		3826B8F5147993B7009FD11B /* ShellScript */ = {
			isa = PBXShellScriptBuildPhase;
			buildActionMask = 2147483647;
			files = (
			);
			inputPaths = (
			);
			outputPaths = (
			);
			runOnlyForDeploymentPostprocessing = 0;
			shellPath = /usr/bin/ruby;
			shellScript = "#!/usr/bin/ruby\n# xcode-git-cfbundleversion.rb\n# Update CFBundleVersion in Info.plist file with short Git revision string\n# http://github.com/guicocoa/xcode-git-cfbundleversion/\n#\n# This is based on\n# http://github.com/digdog/xcode-git-cfbundleversion/\n# http://github.com/jsallis/xcode-git-versioner\n# http://github.com/juretta/iphone-project-tools/tree/v1.0.3\n\nrequire 'rubygems'\nbegin\n  require 'Plist'\nrescue LoadError => e\n  puts \"You need to install the 'Plist' gem: [sudo] gem install plist\"\n  exit 1\nend\n\nraise \"Must be run from Xcode\" unless ENV['XCODE_VERSION_ACTUAL']\n\nGIT = \"/usr/bin/git\"\nPRODUCT_PLIST = File.join(ENV['BUILT_PRODUCTS_DIR'], ENV['INFOPLIST_PATH'])\nREVISION = `#{GIT} log --pretty=format:'' | wc -l`.scan(/\\d/).to_s\nBUNDLE_VERSION = \"CFBundleVersion\"\n\nif File.file?(PRODUCT_PLIST) and REVISION\n  \n  # update product plist\n  `/usr/bin/plutil -convert xml1 \\\"#{PRODUCT_PLIST}\\\"`\n  info = Plist::parse_xml(PRODUCT_PLIST)\n  if info\n    info[BUNDLE_VERSION] = REVISION\n    info.save_plist(PRODUCT_PLIST)\n  end\n  `/usr/bin/plutil -convert binary1 \\\"#{PRODUCT_PLIST}\\\"`\n  \n  # log\n  puts \"updated #{BUNDLE_VERSION} to #{REVISION}\"\n  \nend";
		};
/* End PBXShellScriptBuildPhase section */

/* Begin PBXSourcesBuildPhase section */
		38D6057F1403859600D70F81 /* Sources */ = {
			isa = PBXSourcesBuildPhase;
			buildActionMask = 2147483647;
			files = (
				38D605941403859600D70F81 /* main.m in Sources */,
				38D6059B1403859600D70F81 /* MyTextDocument.m in Sources */,
				38734F561406135A00992D33 /* MyOpenQuicklyController.m in Sources */,
				38734F591406163A00992D33 /* MyAppDelegate.m in Sources */,
				380AED3D14500377005770D7 /* DuxTextView.m in Sources */,
				3824F07514522FAB00F00B96 /* DuxSyntaxHighlighter.m in Sources */,
				3824F07B1452304D00F00B96 /* DuxLanguage.m in Sources */,
				3824F07E1452305700F00B96 /* DuxLanguageElement.m in Sources */,
				3824F0811452306F00F00B96 /* DuxHTMLLanguage.m in Sources */,
				3824F0851452E75700F00B96 /* DuxHTMLBaseElement.m in Sources */,
				3829D938145A9F7D00188ECF /* DuxHTMLTagElement.m in Sources */,
				38383A06146FB25C008CD049 /* DuxHTMLTagAttributeElement.m in Sources */,
				384FDFE014710EFC00BD0D8D /* DuxHTMLEntityElement.m in Sources */,
				38CFEEC31473AEE700F81E6F /* DuxPHPLanguage.m in Sources */,
				38CFEEC61473AEF500F81E6F /* DuxPHPBaseElement.m in Sources */,
				38CFEECC1473AF2500F81E6F /* DuxPHPSingleQuoteStringElement.m in Sources */,
				38CFEECF1473AF3400F81E6F /* DuxPHPDoubleQuoteStringElement.m in Sources */,
				38CFEED21473AF4200F81E6F /* DuxPHPNumberElement.m in Sources */,
				38CFEED51473AF5400F81E6F /* DuxPHPVariableElement.m in Sources */,
				38CFEED81473B1E000F81E6F /* DuxPHPKeywordElement.m in Sources */,
				387B21491473D94E00F191F1 /* DuxPHPSingleLineCommentElement.m in Sources */,
				387B214D1473D95B00F191F1 /* DuxPHPBlockCommentElement.m in Sources */,
				38983C7614751B66004DD914 /* DuxLanguageMenuItem.m in Sources */,
				3837FAB21475E058002CC459 /* NSStringDuxAdditions.m in Sources */,
				3804A81B1478DA3E005C587A /* DuxPlainTextLanguage.m in Sources */,
				3804A81E1478DA7F005C587A /* DuxPlainTextBaseElement.m in Sources */,
				38EDD5211478E5AA0077BAB0 /* DuxXMLLanguage.m in Sources */,
				38EDD5241478E5B70077BAB0 /* DuxXMLBaseElement.m in Sources */,
				38EDD5271478E5C30077BAB0 /* DuxXMLTagElement.m in Sources */,
				38EDD52A1478E5DD0077BAB0 /* DuxXMLTagAttributeElement.m in Sources */,
				38EDD52D1478E5E90077BAB0 /* DuxXMLEntityElement.m in Sources */,
				3886D4B214790FD700970CAE /* DuxCSSLanguage.m in Sources */,
				3886D4B514790FE700970CAE /* DuxCSSBaseElement.m in Sources */,
				3886D4B81479100000970CAE /* DuxCSSCommentElement.m in Sources */,
				3886D4C3147912BC00970CAE /* DuxCSSClassSelectorElement.m in Sources */,
				385A1E9C147916760084F48E /* DuxCSSIDSelectorElement.m in Sources */,
				385A1EA0147917590084F48E /* DuxCSSPseudoSelectorElement.m in Sources */,
				385A1EA3147918770084F48E /* DuxCSSDefinitionBlockElement.m in Sources */,
				385A1EA6147919A80084F48E /* DuxCSSPropertyNameElement.m in Sources */,
				38110AE814791AF50028B786 /* DuxCSSPropertyValueElement.m in Sources */,
				38110AEC14791C3D0028B786 /* DuxCSSNumberValueElement.m in Sources */,
				38110AEF14791E860028B786 /* DuxCSSColorValueElement.m in Sources */,
				38BB441D147F5F54007CAB5B /* DuxOpenQuicklyTableViewCell.m in Sources */,
				38CD8FA7147F8F0500062D34 /* DuxTextContainer.m in Sources */,
				38CD8FAC147F9CF000062D34 /* DuxCLanguage.m in Sources */,
				38CD8FAF147F9CFB00062D34 /* DuxCBaseElement.m in Sources */,
				38CD8FB2147F9D0800062D34 /* DuxCSingleQuotedStringElement.m in Sources */,
				38CD8FB5147F9D1400062D34 /* DuxCDoubleQuotedStringElement.m in Sources */,
				38CD8FB8147F9D2000062D34 /* DuxCNumberElement.m in Sources */,
				38CD8FBB147F9D2D00062D34 /* DuxCKeywordElement.m in Sources */,
				38CD8FBE147F9D3800062D34 /* DuxCSingleLineCommentElement.m in Sources */,
				38CD8FC1147F9D4400062D34 /* DuxCBlockCommentElement.m in Sources */,
				38CD8FC5147FA23000062D34 /* DuxJavaScriptLanguage.m in Sources */,
				38CD8FC8147FA24200062D34 /* DuxJavaScriptBaseElement.m in Sources */,
				38CD8FCB147FA24E00062D34 /* DuxJavaScriptSingleQuotedStringElement.m in Sources */,
				38CD8FCE147FA25900062D34 /* DuxJavaScriptDoubleQuotedStringElement.m in Sources */,
				38CD8FD1147FA26100062D34 /* DuxJavaScriptNumberElement.m in Sources */,
				38CD8FD4147FA26D00062D34 /* DuxJavaScriptKeywordElement.m in Sources */,
				38CD8FD7147FA27A00062D34 /* DuxJavaScriptSingleLineCommentElement.m in Sources */,
				38CD8FDA147FA28700062D34 /* DuxJavaScriptBlockCommentElement.m in Sources */,
				388682AD1480409F00C362EE /* DuxLineNumberString.m in Sources */,
				3822EAAB148623970068330B /* DuxScrollViewAnimation.m in Sources */,
				38BC9216148764B700CE73EB /* DuxHTMLCommentElement.m in Sources */,
				38BC921A148766DD00CE73EB /* DuxXMLCommentElement.m in Sources */,
				38BC92201487735500CE73EB /* DuxPreferencesWindowController.m in Sources */,
				38BC92231488151700CE73EB /* DuxPreferences.m in Sources */,
				389C8EC4148B0E530029B942 /* DuxStringLineEnumerator.m in Sources */,
				3883058C14DE845B00409F43 /* DuxFontSelectorTextField.m in Sources */,
				38CC7D8B14E24DC600FE1594 /* DuxRubyLanguage.m in Sources */,
				38CC7D8E14E24F0500FE1594 /* DuxRubyBaseElement.m in Sources */,
				38CC7D9114E2500D00FE1594 /* DuxRubySingleQuotedStringElement.m in Sources */,
				38CC7D9414E2655600FE1594 /* DuxRubyDoubleQuotedStringElement.m in Sources */,
				38CC7D9714E2658700FE1594 /* DuxRubyNumberElement.m in Sources */,
				38CC7D9A14E265AB00FE1594 /* DuxRubyKeywordElement.m in Sources */,
				38CC7D9D14E265DD00FE1594 /* DuxRubySingleLineCommentElement.m in Sources */,
				38CC7DA014E267AC00FE1594 /* DuxRubyRegularExpressionElement.m in Sources */,
			);
			runOnlyForDeploymentPostprocessing = 0;
		};
/* End PBXSourcesBuildPhase section */

/* Begin PBXVariantGroup section */
		38D605901403859600D70F81 /* InfoPlist.strings */ = {
			isa = PBXVariantGroup;
			children = (
				38D605911403859600D70F81 /* en */,
			);
			name = InfoPlist.strings;
			sourceTree = "<group>";
		};
		38D605961403859600D70F81 /* Credits.rtf */ = {
			isa = PBXVariantGroup;
			children = (
				38D605971403859600D70F81 /* en */,
			);
			name = Credits.rtf;
			sourceTree = "<group>";
		};
		38D6059C1403859700D70F81 /* MyTextDocument.xib */ = {
			isa = PBXVariantGroup;
			children = (
				38D6059D1403859700D70F81 /* en */,
			);
			name = MyTextDocument.xib;
			sourceTree = "<group>";
		};
		38D6059F1403859700D70F81 /* MainMenu.xib */ = {
			isa = PBXVariantGroup;
			children = (
				38D605A01403859700D70F81 /* en */,
			);
			name = MainMenu.xib;
			sourceTree = "<group>";
		};
/* End PBXVariantGroup section */

/* Begin XCBuildConfiguration section */
		38D605A21403859700D70F81 /* Debug */ = {
			isa = XCBuildConfiguration;
			buildSettings = {
				ALWAYS_SEARCH_USER_PATHS = NO;
				ARCHS = "$(ARCHS_STANDARD_64_BIT)";
				COPY_PHASE_STRIP = NO;
				GCC_C_LANGUAGE_STANDARD = gnu99;
				GCC_DYNAMIC_NO_PIC = NO;
				GCC_ENABLE_OBJC_EXCEPTIONS = YES;
				GCC_OPTIMIZATION_LEVEL = 0;
				GCC_PREPROCESSOR_DEFINITIONS = (
					"DEBUG=1",
					"$(inherited)",
				);
				GCC_SYMBOLS_PRIVATE_EXTERN = NO;
				GCC_VERSION = com.apple.compilers.llvm.clang.1_0;
				GCC_WARN_64_TO_32_BIT_CONVERSION = YES;
				GCC_WARN_ABOUT_MISSING_PROTOTYPES = YES;
				GCC_WARN_ABOUT_RETURN_TYPE = YES;
				GCC_WARN_UNUSED_VARIABLE = YES;
				MACOSX_DEPLOYMENT_TARGET = 10.7;
				ONLY_ACTIVE_ARCH = YES;
				SDKROOT = macosx;
			};
			name = Debug;
		};
		38D605A31403859700D70F81 /* Release */ = {
			isa = XCBuildConfiguration;
			buildSettings = {
				ALWAYS_SEARCH_USER_PATHS = NO;
				ARCHS = "$(ARCHS_STANDARD_64_BIT)";
				COPY_PHASE_STRIP = YES;
				DEBUG_INFORMATION_FORMAT = "dwarf-with-dsym";
				GCC_C_LANGUAGE_STANDARD = gnu99;
				GCC_ENABLE_OBJC_EXCEPTIONS = YES;
				GCC_VERSION = com.apple.compilers.llvm.clang.1_0;
				GCC_WARN_64_TO_32_BIT_CONVERSION = YES;
				GCC_WARN_ABOUT_MISSING_PROTOTYPES = YES;
				GCC_WARN_ABOUT_RETURN_TYPE = YES;
				GCC_WARN_UNUSED_VARIABLE = YES;
				MACOSX_DEPLOYMENT_TARGET = 10.7;
				SDKROOT = macosx;
			};
			name = Release;
		};
		38D605A51403859700D70F81 /* Debug */ = {
			isa = XCBuildConfiguration;
			buildSettings = {
				CLANG_ENABLE_OBJC_ARC = YES;
				CODE_SIGN_ENTITLEMENTS = Dux/Dux.entitlements;
				CODE_SIGN_IDENTITY = "";
				DEBUG_INFORMATION_FORMAT = "dwarf-with-dsym";
				GCC_PRECOMPILE_PREFIX_HEADER = YES;
				GCC_PREFIX_HEADER = "Dux/Dux-Prefix.pch";
				INFOPLIST_FILE = "Dux/Dux-Info.plist";
				OTHER_LDFLAGS = "-licucore";
				PRODUCT_NAME = Dux;
				WRAPPER_EXTENSION = app;
			};
			name = Debug;
		};
		38D605A61403859700D70F81 /* Release */ = {
			isa = XCBuildConfiguration;
			buildSettings = {
				CLANG_ENABLE_OBJC_ARC = YES;
				CODE_SIGN_ENTITLEMENTS = Dux/Dux.entitlements;
				CODE_SIGN_IDENTITY = "3rd Party Mac Developer Application";
				GCC_PRECOMPILE_PREFIX_HEADER = YES;
				GCC_PREFIX_HEADER = "Dux/Dux-Prefix.pch";
				INFOPLIST_FILE = "Dux/Dux-Info.plist";
				OTHER_LDFLAGS = "-licucore";
				PRODUCT_NAME = Dux;
				WRAPPER_EXTENSION = app;
			};
			name = Release;
		};
/* End XCBuildConfiguration section */

/* Begin XCConfigurationList section */
		38D6057D1403859600D70F81 /* Build configuration list for PBXProject "Dux" */ = {
			isa = XCConfigurationList;
			buildConfigurations = (
				38D605A21403859700D70F81 /* Debug */,
				38D605A31403859700D70F81 /* Release */,
			);
			defaultConfigurationIsVisible = 0;
			defaultConfigurationName = Release;
		};
		38D605A41403859700D70F81 /* Build configuration list for PBXNativeTarget "Dux" */ = {
			isa = XCConfigurationList;
			buildConfigurations = (
				38D605A51403859700D70F81 /* Debug */,
				38D605A61403859700D70F81 /* Release */,
			);
			defaultConfigurationIsVisible = 0;
			defaultConfigurationName = Release;
		};
/* End XCConfigurationList section */
	};
	rootObject = 38D6057A1403859600D70F81 /* Project object */;
}
